
Microsoft Visual Studio Solution File, Format Version 12.00
# Visual Studio 2013
VisualStudioVersion = 12.0.30110.0
MinimumVisualStudioVersion = 10.0.40219.1
Project("{FAE04EC0-301F-11D3-BF4B-00C04F79EFBC}") = "ChatMessages", "Examples\Chat\ChatMessages\ChatMessages.csproj", "{819221CB-82B7-43D3-A4DE-E00AF17F2FDF}"
EndProject
Project("{FAE04EC0-301F-11D3-BF4B-00C04F79EFBC}") = "ChatClient", "Examples\Chat\ChatClient\ChatClient.csproj", "{69AED1DD-02E1-423F-950C-DE6010DFA346}"
EndProject
Project("{2150E333-8FDC-42A3-9474-1A3956D46DE8}") = "Examples", "Examples", "{69279534-1DBA-4115-BF8B-03F77FC8125E}"
EndProject
Project("{2150E333-8FDC-42A3-9474-1A3956D46DE8}") = "Chat", "Chat", "{3AA1E79A-F641-4115-BF84-96ECE552EC95}"
EndProject
Project("{2150E333-8FDC-42A3-9474-1A3956D46DE8}") = "Benchmark", "Benchmark", "{73108242-625A-4D7B-AA09-63375DBAE464}"
EndProject
Project("{2150E333-8FDC-42A3-9474-1A3956D46DE8}") = "Source", "Source", "{01167D3C-49C4-4CDE-9787-C176D139ACDD}"
EndProject
Project("{FAE04EC0-301F-11D3-BF4B-00C04F79EFBC}") = "ChatServer", "Examples\Chat\ChatServer\ChatServer.csproj", "{7FD886CC-216B-4324-9AB2-241494598B06}"
EndProject
Project("{2150E333-8FDC-42A3-9474-1A3956D46DE8}") = "Protobuf", "Protobuf", "{98CEB6FB-A277-42FA-A98E-99A8640B26FD}"
	ProjectSection(SolutionItems) = preProject
		Proto\ContainerFormats.proto = Proto\ContainerFormats.proto
		Proto\csharp_options.proto = Proto\csharp_options.proto
		Proto\descriptor.proto = Proto\descriptor.proto
		Proto\WireFormats.proto = Proto\WireFormats.proto
	EndProjectSection
EndProject
Project("{2150E333-8FDC-42A3-9474-1A3956D46DE8}") = "Tests", "Tests", "{70ECA62E-4946-4F01-B5DA-84D698E2E871}"
EndProject
Project("{2150E333-8FDC-42A3-9474-1A3956D46DE8}") = "FSharp", "FSharp", "{E814B432-DBC2-4372-92C6-70B9198613BD}"
EndProject
Project("{2150E333-8FDC-42A3-9474-1A3956D46DE8}") = "Routing", "Routing", "{45215639-D279-49B4-B11E-0337D1FE9364}"
EndProject
Project("{FAE04EC0-301F-11D3-BF4B-00C04F79EFBC}") = "Routing", "Examples\Routing\Routing.csproj", "{2CEC4A63-31ED-44E8-B1A6-7EEEB190117D}"
EndProject
Project("{2150E333-8FDC-42A3-9474-1A3956D46DE8}") = ".nuget", ".nuget", "{8A15341C-5596-4F4D-949D-2CD9A0006E12}"
	ProjectSection(SolutionItems) = preProject
		.nuget\NuGet.Config = .nuget\NuGet.Config
		.nuget\NuGet.exe = .nuget\NuGet.exe
		.nuget\NuGet.targets = .nuget\NuGet.targets
	EndProjectSection
EndProject
Project("{2150E333-8FDC-42A3-9474-1A3956D46DE8}") = "Stocks", "Stocks", "{D92D674A-7671-4D26-B3C5-ADB7EF220CFD}"
EndProject
Project("{FAE04EC0-301F-11D3-BF4B-00C04F79EFBC}") = "SymbolLookup", "Examples\Stocks\SymbolLookup\SymbolLookup.csproj", "{3007A692-A050-4F12-9187-4AE6C6106A66}"
EndProject
Project("{2150E333-8FDC-42A3-9474-1A3956D46DE8}") = "RemoteDeploy", "RemoteDeploy", "{B555BA52-1911-426B-8018-D303D7228748}"
EndProject
Project("{FAE04EC0-301F-11D3-BF4B-00C04F79EFBC}") = "Shared", "Examples\RemoteDeploy\Shared\Shared.csproj", "{93EDACD8-F6BA-43A7-9FD7-D3D4156ADBC0}"
EndProject
Project("{FAE04EC0-301F-11D3-BF4B-00C04F79EFBC}") = "System1", "Examples\RemoteDeploy\System1\System1.csproj", "{14873709-8C2E-485E-BF74-2423227DB59B}"
EndProject
Project("{FAE04EC0-301F-11D3-BF4B-00C04F79EFBC}") = "System2", "Examples\RemoteDeploy\System2\System2.csproj", "{56B7C019-AA7A-4194-AFA5-3D3F1A4B6393}"
EndProject
Project("{FAE04EC0-301F-11D3-BF4B-00C04F79EFBC}") = "Akka.slf4net", "src\Akka.slf4net\Akka.slf4net.csproj", "{104D8378-117D-411F-B921-BFBFBC55B46B}"
EndProject
Project("{F2A71F9B-5D33-465A-A702-920D77279786}") = "Akka.FSharp.Tests", "test\Akka.FSharp.Tests\Akka.FSharp.Tests.fsproj", "{D0AC89AC-E6AB-4B16-BFBA-64C675D17ABD}"
EndProject
Project("{FAE04EC0-301F-11D3-BF4B-00C04F79EFBC}") = "Akka.Remote.Tests", "test\Akka.Remote.Tests\Akka.Remote.Tests.csproj", "{95E921AB-1F5A-4AF9-B7FE-284E317A97F4}"
EndProject
Project("{FAE04EC0-301F-11D3-BF4B-00C04F79EFBC}") = "Akka.TestKit", "test\Akka.TestKit\Akka.TestKit.csproj", "{0D3CBAD0-BBDB-43E5-AFC4-ED1D3ECDC224}"
EndProject
Project("{FAE04EC0-301F-11D3-BF4B-00C04F79EFBC}") = "Akka.Tests", "test\Akka.Tests\Akka.Tests.csproj", "{3F786C7D-70E3-4836-8B33-EC9A5AF72330}"
EndProject
Project("{FAE04EC0-301F-11D3-BF4B-00C04F79EFBC}") = "Akka.Remote", "src\Akka.Remote\Akka.Remote.csproj", "{EA4FF8FD-7C53-49C8-B9AA-02E458B3E6A7}"
EndProject
Project("{F2A71F9B-5D33-465A-A702-920D77279786}") = "Akka.FSharp", "src\Akka.FSharp\Akka.FSharp.fsproj", "{81574240-BC31-4BE4-B447-ADF0D32F4246}"
EndProject
Project("{FAE04EC0-301F-11D3-BF4B-00C04F79EFBC}") = "Akka", "src\Akka\Akka.csproj", "{5DEDDF90-37F0-48D3-A0B0-A5CBD8A7E377}"
EndProject
Project("{F2A71F9B-5D33-465A-A702-920D77279786}") = "FSharp.Api", "Examples\FSharp.Api\FSharp.Api.fsproj", "{19993C0B-8F9D-4FE4-B047-45965EA66BA2}"
EndProject
Project("{FAE04EC0-301F-11D3-BF4B-00C04F79EFBC}") = "PingPong", "Examples\PingPong\PingPong.csproj", "{956F7D26-4505-4A26-86D0-73135BD35A93}"
EndProject
Global
	GlobalSection(SolutionConfigurationPlatforms) = preSolution
		Debug Mono|Any CPU = Debug Mono|Any CPU
		Debug|Any CPU = Debug|Any CPU
		Release Mono|Any CPU = Release Mono|Any CPU
		Release|Any CPU = Release|Any CPU
	EndGlobalSection
	GlobalSection(ProjectConfigurationPlatforms) = postSolution
		{819221CB-82B7-43D3-A4DE-E00AF17F2FDF}.Debug Mono|Any CPU.ActiveCfg = Debug Mono|Any CPU
		{819221CB-82B7-43D3-A4DE-E00AF17F2FDF}.Debug Mono|Any CPU.Build.0 = Debug Mono|Any CPU
		{819221CB-82B7-43D3-A4DE-E00AF17F2FDF}.Debug|Any CPU.ActiveCfg = Debug|Any CPU
		{819221CB-82B7-43D3-A4DE-E00AF17F2FDF}.Debug|Any CPU.Build.0 = Debug|Any CPU
		{819221CB-82B7-43D3-A4DE-E00AF17F2FDF}.Release Mono|Any CPU.ActiveCfg = Release Mono|Any CPU
		{819221CB-82B7-43D3-A4DE-E00AF17F2FDF}.Release Mono|Any CPU.Build.0 = Release Mono|Any CPU
		{819221CB-82B7-43D3-A4DE-E00AF17F2FDF}.Release|Any CPU.ActiveCfg = Release|Any CPU
		{819221CB-82B7-43D3-A4DE-E00AF17F2FDF}.Release|Any CPU.Build.0 = Release|Any CPU
		{69AED1DD-02E1-423F-950C-DE6010DFA346}.Debug Mono|Any CPU.ActiveCfg = Debug Mono|Any CPU
		{69AED1DD-02E1-423F-950C-DE6010DFA346}.Debug Mono|Any CPU.Build.0 = Debug Mono|Any CPU
		{69AED1DD-02E1-423F-950C-DE6010DFA346}.Debug|Any CPU.ActiveCfg = Debug|Any CPU
		{69AED1DD-02E1-423F-950C-DE6010DFA346}.Debug|Any CPU.Build.0 = Debug|Any CPU
		{69AED1DD-02E1-423F-950C-DE6010DFA346}.Release Mono|Any CPU.ActiveCfg = Release Mono|Any CPU
		{69AED1DD-02E1-423F-950C-DE6010DFA346}.Release Mono|Any CPU.Build.0 = Release Mono|Any CPU
		{69AED1DD-02E1-423F-950C-DE6010DFA346}.Release|Any CPU.ActiveCfg = Release|Any CPU
		{69AED1DD-02E1-423F-950C-DE6010DFA346}.Release|Any CPU.Build.0 = Release|Any CPU
		{7FD886CC-216B-4324-9AB2-241494598B06}.Debug Mono|Any CPU.ActiveCfg = Debug Mono|Any CPU
		{7FD886CC-216B-4324-9AB2-241494598B06}.Debug Mono|Any CPU.Build.0 = Debug Mono|Any CPU
		{7FD886CC-216B-4324-9AB2-241494598B06}.Debug|Any CPU.ActiveCfg = Debug|Any CPU
		{7FD886CC-216B-4324-9AB2-241494598B06}.Debug|Any CPU.Build.0 = Debug|Any CPU
		{7FD886CC-216B-4324-9AB2-241494598B06}.Release Mono|Any CPU.ActiveCfg = Release Mono|Any CPU
		{7FD886CC-216B-4324-9AB2-241494598B06}.Release Mono|Any CPU.Build.0 = Release Mono|Any CPU
		{7FD886CC-216B-4324-9AB2-241494598B06}.Release|Any CPU.ActiveCfg = Release|Any CPU
		{7FD886CC-216B-4324-9AB2-241494598B06}.Release|Any CPU.Build.0 = Release|Any CPU
		{2CEC4A63-31ED-44E8-B1A6-7EEEB190117D}.Debug Mono|Any CPU.ActiveCfg = Debug Mono|Any CPU
		{2CEC4A63-31ED-44E8-B1A6-7EEEB190117D}.Debug Mono|Any CPU.Build.0 = Debug Mono|Any CPU
		{2CEC4A63-31ED-44E8-B1A6-7EEEB190117D}.Debug|Any CPU.ActiveCfg = Debug|Any CPU
		{2CEC4A63-31ED-44E8-B1A6-7EEEB190117D}.Debug|Any CPU.Build.0 = Debug|Any CPU
		{2CEC4A63-31ED-44E8-B1A6-7EEEB190117D}.Release Mono|Any CPU.ActiveCfg = Release Mono|Any CPU
		{2CEC4A63-31ED-44E8-B1A6-7EEEB190117D}.Release Mono|Any CPU.Build.0 = Release Mono|Any CPU
		{2CEC4A63-31ED-44E8-B1A6-7EEEB190117D}.Release|Any CPU.ActiveCfg = Release|Any CPU
		{2CEC4A63-31ED-44E8-B1A6-7EEEB190117D}.Release|Any CPU.Build.0 = Release|Any CPU
		{3007A692-A050-4F12-9187-4AE6C6106A66}.Debug Mono|Any CPU.ActiveCfg = Debug Mono|Any CPU
		{3007A692-A050-4F12-9187-4AE6C6106A66}.Debug Mono|Any CPU.Build.0 = Debug Mono|Any CPU
		{3007A692-A050-4F12-9187-4AE6C6106A66}.Debug|Any CPU.ActiveCfg = Debug|Any CPU
		{3007A692-A050-4F12-9187-4AE6C6106A66}.Debug|Any CPU.Build.0 = Debug|Any CPU
		{3007A692-A050-4F12-9187-4AE6C6106A66}.Release Mono|Any CPU.ActiveCfg = Release Mono|Any CPU
		{3007A692-A050-4F12-9187-4AE6C6106A66}.Release Mono|Any CPU.Build.0 = Release Mono|Any CPU
		{3007A692-A050-4F12-9187-4AE6C6106A66}.Release|Any CPU.ActiveCfg = Release|Any CPU
		{3007A692-A050-4F12-9187-4AE6C6106A66}.Release|Any CPU.Build.0 = Release|Any CPU
		{93EDACD8-F6BA-43A7-9FD7-D3D4156ADBC0}.Debug Mono|Any CPU.ActiveCfg = Debug Mono|Any CPU
		{93EDACD8-F6BA-43A7-9FD7-D3D4156ADBC0}.Debug Mono|Any CPU.Build.0 = Debug Mono|Any CPU
		{93EDACD8-F6BA-43A7-9FD7-D3D4156ADBC0}.Debug|Any CPU.ActiveCfg = Debug|Any CPU
		{93EDACD8-F6BA-43A7-9FD7-D3D4156ADBC0}.Debug|Any CPU.Build.0 = Debug|Any CPU
		{93EDACD8-F6BA-43A7-9FD7-D3D4156ADBC0}.Release Mono|Any CPU.ActiveCfg = Release Mono|Any CPU
		{93EDACD8-F6BA-43A7-9FD7-D3D4156ADBC0}.Release Mono|Any CPU.Build.0 = Release Mono|Any CPU
		{93EDACD8-F6BA-43A7-9FD7-D3D4156ADBC0}.Release|Any CPU.ActiveCfg = Release|Any CPU
		{93EDACD8-F6BA-43A7-9FD7-D3D4156ADBC0}.Release|Any CPU.Build.0 = Release|Any CPU
		{14873709-8C2E-485E-BF74-2423227DB59B}.Debug Mono|Any CPU.ActiveCfg = Debug Mono|Any CPU
		{14873709-8C2E-485E-BF74-2423227DB59B}.Debug Mono|Any CPU.Build.0 = Debug Mono|Any CPU
		{14873709-8C2E-485E-BF74-2423227DB59B}.Debug|Any CPU.ActiveCfg = Debug|Any CPU
		{14873709-8C2E-485E-BF74-2423227DB59B}.Debug|Any CPU.Build.0 = Debug|Any CPU
		{14873709-8C2E-485E-BF74-2423227DB59B}.Release Mono|Any CPU.ActiveCfg = Release Mono|Any CPU
		{14873709-8C2E-485E-BF74-2423227DB59B}.Release Mono|Any CPU.Build.0 = Release Mono|Any CPU
		{14873709-8C2E-485E-BF74-2423227DB59B}.Release|Any CPU.ActiveCfg = Release|Any CPU
		{14873709-8C2E-485E-BF74-2423227DB59B}.Release|Any CPU.Build.0 = Release|Any CPU
		{56B7C019-AA7A-4194-AFA5-3D3F1A4B6393}.Debug Mono|Any CPU.ActiveCfg = Debug Mono|Any CPU
		{56B7C019-AA7A-4194-AFA5-3D3F1A4B6393}.Debug Mono|Any CPU.Build.0 = Debug Mono|Any CPU
		{56B7C019-AA7A-4194-AFA5-3D3F1A4B6393}.Debug|Any CPU.ActiveCfg = Debug|Any CPU
		{56B7C019-AA7A-4194-AFA5-3D3F1A4B6393}.Debug|Any CPU.Build.0 = Debug|Any CPU
		{56B7C019-AA7A-4194-AFA5-3D3F1A4B6393}.Release Mono|Any CPU.ActiveCfg = Release Mono|Any CPU
		{56B7C019-AA7A-4194-AFA5-3D3F1A4B6393}.Release Mono|Any CPU.Build.0 = Release Mono|Any CPU
		{56B7C019-AA7A-4194-AFA5-3D3F1A4B6393}.Release|Any CPU.ActiveCfg = Release|Any CPU
		{56B7C019-AA7A-4194-AFA5-3D3F1A4B6393}.Release|Any CPU.Build.0 = Release|Any CPU
		{104D8378-117D-411F-B921-BFBFBC55B46B}.Debug Mono|Any CPU.ActiveCfg = Debug Mono|Any CPU
		{104D8378-117D-411F-B921-BFBFBC55B46B}.Debug Mono|Any CPU.Build.0 = Debug Mono|Any CPU
		{104D8378-117D-411F-B921-BFBFBC55B46B}.Debug|Any CPU.ActiveCfg = Debug|Any CPU
		{104D8378-117D-411F-B921-BFBFBC55B46B}.Debug|Any CPU.Build.0 = Debug|Any CPU
		{104D8378-117D-411F-B921-BFBFBC55B46B}.Release Mono|Any CPU.ActiveCfg = Release Mono|Any CPU
		{104D8378-117D-411F-B921-BFBFBC55B46B}.Release Mono|Any CPU.Build.0 = Release Mono|Any CPU
		{104D8378-117D-411F-B921-BFBFBC55B46B}.Release|Any CPU.ActiveCfg = Release|Any CPU
		{104D8378-117D-411F-B921-BFBFBC55B46B}.Release|Any CPU.Build.0 = Release|Any CPU
		{D0AC89AC-E6AB-4B16-BFBA-64C675D17ABD}.Debug Mono|Any CPU.ActiveCfg = Debug|Any CPU
		{D0AC89AC-E6AB-4B16-BFBA-64C675D17ABD}.Debug Mono|Any CPU.Build.0 = Debug|Any CPU
		{D0AC89AC-E6AB-4B16-BFBA-64C675D17ABD}.Debug|Any CPU.ActiveCfg = Debug|Any CPU
		{D0AC89AC-E6AB-4B16-BFBA-64C675D17ABD}.Debug|Any CPU.Build.0 = Debug|Any CPU
		{D0AC89AC-E6AB-4B16-BFBA-64C675D17ABD}.Release Mono|Any CPU.ActiveCfg = Release|Any CPU
		{D0AC89AC-E6AB-4B16-BFBA-64C675D17ABD}.Release Mono|Any CPU.Build.0 = Release|Any CPU
		{D0AC89AC-E6AB-4B16-BFBA-64C675D17ABD}.Release|Any CPU.ActiveCfg = Release|Any CPU
		{D0AC89AC-E6AB-4B16-BFBA-64C675D17ABD}.Release|Any CPU.Build.0 = Release|Any CPU
		{95E921AB-1F5A-4AF9-B7FE-284E317A97F4}.Debug Mono|Any CPU.ActiveCfg = Debug Mono|Any CPU
		{95E921AB-1F5A-4AF9-B7FE-284E317A97F4}.Debug Mono|Any CPU.Build.0 = Debug Mono|Any CPU
		{95E921AB-1F5A-4AF9-B7FE-284E317A97F4}.Debug|Any CPU.ActiveCfg = Debug|Any CPU
		{95E921AB-1F5A-4AF9-B7FE-284E317A97F4}.Debug|Any CPU.Build.0 = Debug|Any CPU
		{95E921AB-1F5A-4AF9-B7FE-284E317A97F4}.Release Mono|Any CPU.ActiveCfg = Release Mono|Any CPU
		{95E921AB-1F5A-4AF9-B7FE-284E317A97F4}.Release Mono|Any CPU.Build.0 = Release Mono|Any CPU
		{95E921AB-1F5A-4AF9-B7FE-284E317A97F4}.Release|Any CPU.ActiveCfg = Release|Any CPU
		{95E921AB-1F5A-4AF9-B7FE-284E317A97F4}.Release|Any CPU.Build.0 = Release|Any CPU
		{0D3CBAD0-BBDB-43E5-AFC4-ED1D3ECDC224}.Debug Mono|Any CPU.ActiveCfg = Debug Mono|Any CPU
		{0D3CBAD0-BBDB-43E5-AFC4-ED1D3ECDC224}.Debug Mono|Any CPU.Build.0 = Debug Mono|Any CPU
		{0D3CBAD0-BBDB-43E5-AFC4-ED1D3ECDC224}.Debug|Any CPU.ActiveCfg = Debug|Any CPU
		{0D3CBAD0-BBDB-43E5-AFC4-ED1D3ECDC224}.Debug|Any CPU.Build.0 = Debug|Any CPU
		{0D3CBAD0-BBDB-43E5-AFC4-ED1D3ECDC224}.Release Mono|Any CPU.ActiveCfg = Release Mono|Any CPU
		{0D3CBAD0-BBDB-43E5-AFC4-ED1D3ECDC224}.Release Mono|Any CPU.Build.0 = Release Mono|Any CPU
		{0D3CBAD0-BBDB-43E5-AFC4-ED1D3ECDC224}.Release|Any CPU.ActiveCfg = Release|Any CPU
		{0D3CBAD0-BBDB-43E5-AFC4-ED1D3ECDC224}.Release|Any CPU.Build.0 = Release|Any CPU
		{3F786C7D-70E3-4836-8B33-EC9A5AF72330}.Debug Mono|Any CPU.ActiveCfg = Debug Mono|Any CPU
		{3F786C7D-70E3-4836-8B33-EC9A5AF72330}.Debug Mono|Any CPU.Build.0 = Debug Mono|Any CPU
		{3F786C7D-70E3-4836-8B33-EC9A5AF72330}.Debug|Any CPU.ActiveCfg = Debug|Any CPU
		{3F786C7D-70E3-4836-8B33-EC9A5AF72330}.Debug|Any CPU.Build.0 = Debug|Any CPU
		{3F786C7D-70E3-4836-8B33-EC9A5AF72330}.Release Mono|Any CPU.ActiveCfg = Release Mono|Any CPU
		{3F786C7D-70E3-4836-8B33-EC9A5AF72330}.Release Mono|Any CPU.Build.0 = Release Mono|Any CPU
		{3F786C7D-70E3-4836-8B33-EC9A5AF72330}.Release|Any CPU.ActiveCfg = Release|Any CPU
		{3F786C7D-70E3-4836-8B33-EC9A5AF72330}.Release|Any CPU.Build.0 = Release|Any CPU
		{EA4FF8FD-7C53-49C8-B9AA-02E458B3E6A7}.Debug Mono|Any CPU.ActiveCfg = Debug Mono|Any CPU
		{EA4FF8FD-7C53-49C8-B9AA-02E458B3E6A7}.Debug Mono|Any CPU.Build.0 = Debug Mono|Any CPU
		{EA4FF8FD-7C53-49C8-B9AA-02E458B3E6A7}.Debug|Any CPU.ActiveCfg = Debug|Any CPU
		{EA4FF8FD-7C53-49C8-B9AA-02E458B3E6A7}.Debug|Any CPU.Build.0 = Debug|Any CPU
		{EA4FF8FD-7C53-49C8-B9AA-02E458B3E6A7}.Release Mono|Any CPU.ActiveCfg = Release Mono|Any CPU
		{EA4FF8FD-7C53-49C8-B9AA-02E458B3E6A7}.Release Mono|Any CPU.Build.0 = Release Mono|Any CPU
		{EA4FF8FD-7C53-49C8-B9AA-02E458B3E6A7}.Release|Any CPU.ActiveCfg = Release|Any CPU
		{EA4FF8FD-7C53-49C8-B9AA-02E458B3E6A7}.Release|Any CPU.Build.0 = Release|Any CPU
		{81574240-BC31-4BE4-B447-ADF0D32F4246}.Debug Mono|Any CPU.ActiveCfg = Debug Mono|Any CPU
		{81574240-BC31-4BE4-B447-ADF0D32F4246}.Debug Mono|Any CPU.Build.0 = Debug Mono|Any CPU
		{81574240-BC31-4BE4-B447-ADF0D32F4246}.Debug|Any CPU.ActiveCfg = Debug|Any CPU
		{81574240-BC31-4BE4-B447-ADF0D32F4246}.Debug|Any CPU.Build.0 = Debug|Any CPU
		{81574240-BC31-4BE4-B447-ADF0D32F4246}.Release Mono|Any CPU.ActiveCfg = Release Mono|Any CPU
		{81574240-BC31-4BE4-B447-ADF0D32F4246}.Release Mono|Any CPU.Build.0 = Release Mono|Any CPU
		{81574240-BC31-4BE4-B447-ADF0D32F4246}.Release|Any CPU.ActiveCfg = Release|Any CPU
		{81574240-BC31-4BE4-B447-ADF0D32F4246}.Release|Any CPU.Build.0 = Release|Any CPU
		{5DEDDF90-37F0-48D3-A0B0-A5CBD8A7E377}.Debug Mono|Any CPU.ActiveCfg = Debug Mono|Any CPU
		{5DEDDF90-37F0-48D3-A0B0-A5CBD8A7E377}.Debug Mono|Any CPU.Build.0 = Debug Mono|Any CPU
		{5DEDDF90-37F0-48D3-A0B0-A5CBD8A7E377}.Debug|Any CPU.ActiveCfg = Debug|Any CPU
		{5DEDDF90-37F0-48D3-A0B0-A5CBD8A7E377}.Debug|Any CPU.Build.0 = Debug|Any CPU
		{5DEDDF90-37F0-48D3-A0B0-A5CBD8A7E377}.Release Mono|Any CPU.ActiveCfg = Release Mono|Any CPU
		{5DEDDF90-37F0-48D3-A0B0-A5CBD8A7E377}.Release Mono|Any CPU.Build.0 = Release Mono|Any CPU
		{5DEDDF90-37F0-48D3-A0B0-A5CBD8A7E377}.Release|Any CPU.ActiveCfg = Release|Any CPU
		{5DEDDF90-37F0-48D3-A0B0-A5CBD8A7E377}.Release|Any CPU.Build.0 = Release|Any CPU
		{19993C0B-8F9D-4FE4-B047-45965EA66BA2}.Debug Mono|Any CPU.ActiveCfg = Debug Mono|Any CPU
		{19993C0B-8F9D-4FE4-B047-45965EA66BA2}.Debug Mono|Any CPU.Build.0 = Debug Mono|Any CPU
		{19993C0B-8F9D-4FE4-B047-45965EA66BA2}.Debug|Any CPU.ActiveCfg = Debug|Any CPU
		{19993C0B-8F9D-4FE4-B047-45965EA66BA2}.Debug|Any CPU.Build.0 = Debug|Any CPU
		{19993C0B-8F9D-4FE4-B047-45965EA66BA2}.Release Mono|Any CPU.ActiveCfg = Release Mono|Any CPU
		{19993C0B-8F9D-4FE4-B047-45965EA66BA2}.Release Mono|Any CPU.Build.0 = Release Mono|Any CPU
		{19993C0B-8F9D-4FE4-B047-45965EA66BA2}.Release|Any CPU.ActiveCfg = Release|Any CPU
		{19993C0B-8F9D-4FE4-B047-45965EA66BA2}.Release|Any CPU.Build.0 = Release|Any CPU
		{956F7D26-4505-4A26-86D0-73135BD35A93}.Debug Mono|Any CPU.ActiveCfg = Debug Mono|Any CPU
		{956F7D26-4505-4A26-86D0-73135BD35A93}.Debug Mono|Any CPU.Build.0 = Debug Mono|Any CPU
		{956F7D26-4505-4A26-86D0-73135BD35A93}.Debug|Any CPU.ActiveCfg = Debug|Any CPU
		{956F7D26-4505-4A26-86D0-73135BD35A93}.Debug|Any CPU.Build.0 = Debug|Any CPU
		{956F7D26-4505-4A26-86D0-73135BD35A93}.Release Mono|Any CPU.ActiveCfg = Release Mono|Any CPU
		{956F7D26-4505-4A26-86D0-73135BD35A93}.Release Mono|Any CPU.Build.0 = Release Mono|Any CPU
		{956F7D26-4505-4A26-86D0-73135BD35A93}.Release|Any CPU.ActiveCfg = Release|Any CPU
		{956F7D26-4505-4A26-86D0-73135BD35A93}.Release|Any CPU.Build.0 = Release|Any CPU
	EndGlobalSection
	GlobalSection(SolutionProperties) = preSolution
		HideSolutionNode = FALSE
	EndGlobalSection
	GlobalSection(NestedProjects) = preSolution
		{3AA1E79A-F641-4115-BF84-96ECE552EC95} = {69279534-1DBA-4115-BF8B-03F77FC8125E}
		{73108242-625A-4D7B-AA09-63375DBAE464} = {69279534-1DBA-4115-BF8B-03F77FC8125E}
		{E814B432-DBC2-4372-92C6-70B9198613BD} = {69279534-1DBA-4115-BF8B-03F77FC8125E}
		{45215639-D279-49B4-B11E-0337D1FE9364} = {69279534-1DBA-4115-BF8B-03F77FC8125E}
		{D92D674A-7671-4D26-B3C5-ADB7EF220CFD} = {69279534-1DBA-4115-BF8B-03F77FC8125E}
		{B555BA52-1911-426B-8018-D303D7228748} = {69279534-1DBA-4115-BF8B-03F77FC8125E}
		{819221CB-82B7-43D3-A4DE-E00AF17F2FDF} = {3AA1E79A-F641-4115-BF84-96ECE552EC95}
		{69AED1DD-02E1-423F-950C-DE6010DFA346} = {3AA1E79A-F641-4115-BF84-96ECE552EC95}
		{7FD886CC-216B-4324-9AB2-241494598B06} = {3AA1E79A-F641-4115-BF84-96ECE552EC95}
		{956F7D26-4505-4A26-86D0-73135BD35A93} = {73108242-625A-4D7B-AA09-63375DBAE464}
		{104D8378-117D-411F-B921-BFBFBC55B46B} = {01167D3C-49C4-4CDE-9787-C176D139ACDD}
		{EA4FF8FD-7C53-49C8-B9AA-02E458B3E6A7} = {01167D3C-49C4-4CDE-9787-C176D139ACDD}
		{81574240-BC31-4BE4-B447-ADF0D32F4246} = {01167D3C-49C4-4CDE-9787-C176D139ACDD}
		{5DEDDF90-37F0-48D3-A0B0-A5CBD8A7E377} = {01167D3C-49C4-4CDE-9787-C176D139ACDD}
		{D0AC89AC-E6AB-4B16-BFBA-64C675D17ABD} = {70ECA62E-4946-4F01-B5DA-84D698E2E871}
		{95E921AB-1F5A-4AF9-B7FE-284E317A97F4} = {70ECA62E-4946-4F01-B5DA-84D698E2E871}
		{0D3CBAD0-BBDB-43E5-AFC4-ED1D3ECDC224} = {70ECA62E-4946-4F01-B5DA-84D698E2E871}
		{3F786C7D-70E3-4836-8B33-EC9A5AF72330} = {70ECA62E-4946-4F01-B5DA-84D698E2E871}
		{19993C0B-8F9D-4FE4-B047-45965EA66BA2} = {E814B432-DBC2-4372-92C6-70B9198613BD}
		{2CEC4A63-31ED-44E8-B1A6-7EEEB190117D} = {45215639-D279-49B4-B11E-0337D1FE9364}
		{3007A692-A050-4F12-9187-4AE6C6106A66} = {D92D674A-7671-4D26-B3C5-ADB7EF220CFD}
		{93EDACD8-F6BA-43A7-9FD7-D3D4156ADBC0} = {B555BA52-1911-426B-8018-D303D7228748}
		{14873709-8C2E-485E-BF74-2423227DB59B} = {B555BA52-1911-426B-8018-D303D7228748}
		{56B7C019-AA7A-4194-AFA5-3D3F1A4B6393} = {B555BA52-1911-426B-8018-D303D7228748}
	EndGlobalSection
EndGlobal
