
Microsoft Visual Studio Solution File, Format Version 12.00
# Visual Studio 2013
VisualStudioVersion = 12.0.21005.1
MinimumVisualStudioVersion = 10.0.40219.1
Project("{FAE04EC0-301F-11D3-BF4B-00C04F79EFBC}") = "Pigeon", "Pigeon\Pigeon.csproj", "{5DEDDF90-37F0-48D3-A0B0-A5CBD8A7E377}"
EndProject
Project("{FAE04EC0-301F-11D3-BF4B-00C04F79EFBC}") = "Pigeon.App", "Pigeon.App\Pigeon.App.csproj", "{956F7D26-4505-4A26-86D0-73135BD35A93}"
EndProject
Project("{FAE04EC0-301F-11D3-BF4B-00C04F79EFBC}") = "ChatMessages", "Examples\Chat\ChatMessages\ChatMessages.csproj", "{819221CB-82B7-43D3-A4DE-E00AF17F2FDF}"
EndProject
Project("{FAE04EC0-301F-11D3-BF4B-00C04F79EFBC}") = "ChatClient", "Examples\Chat\ChatClient\ChatClient.csproj", "{69AED1DD-02E1-423F-950C-DE6010DFA346}"
EndProject
Project("{2150E333-8FDC-42A3-9474-1A3956D46DE8}") = "Examples", "Examples", "{69279534-1DBA-4115-BF8B-03F77FC8125E}"
EndProject
Project("{2150E333-8FDC-42A3-9474-1A3956D46DE8}") = "Chat", "Chat", "{3AA1E79A-F641-4115-BF84-96ECE552EC95}"
EndProject
Project("{2150E333-8FDC-42A3-9474-1A3956D46DE8}") = "Dummy", "Dummy", "{73108242-625A-4D7B-AA09-63375DBAE464}"
EndProject
Project("{2150E333-8FDC-42A3-9474-1A3956D46DE8}") = "Source", "Source", "{01167D3C-49C4-4CDE-9787-C176D139ACDD}"
EndProject
Project("{FAE04EC0-301F-11D3-BF4B-00C04F79EFBC}") = "ChatServer", "Examples\Chat\ChatServer\ChatServer.csproj", "{7FD886CC-216B-4324-9AB2-241494598B06}"
EndProject
Global
	GlobalSection(SolutionConfigurationPlatforms) = preSolution
		Debug|Any CPU = Debug|Any CPU
		Release|Any CPU = Release|Any CPU
	EndGlobalSection
	GlobalSection(ProjectConfigurationPlatforms) = postSolution
		{5DEDDF90-37F0-48D3-A0B0-A5CBD8A7E377}.Debug|Any CPU.ActiveCfg = Debug|Any CPU
		{5DEDDF90-37F0-48D3-A0B0-A5CBD8A7E377}.Debug|Any CPU.Build.0 = Debug|Any CPU
		{5DEDDF90-37F0-48D3-A0B0-A5CBD8A7E377}.Release|Any CPU.ActiveCfg = Release|Any CPU
		{5DEDDF90-37F0-48D3-A0B0-A5CBD8A7E377}.Release|Any CPU.Build.0 = Release|Any CPU
		{956F7D26-4505-4A26-86D0-73135BD35A93}.Debug|Any CPU.ActiveCfg = Debug|Any CPU
		{956F7D26-4505-4A26-86D0-73135BD35A93}.Debug|Any CPU.Build.0 = Debug|Any CPU
		{956F7D26-4505-4A26-86D0-73135BD35A93}.Release|Any CPU.ActiveCfg = Release|Any CPU
		{956F7D26-4505-4A26-86D0-73135BD35A93}.Release|Any CPU.Build.0 = Release|Any CPU
		{819221CB-82B7-43D3-A4DE-E00AF17F2FDF}.Debug|Any CPU.ActiveCfg = Debug|Any CPU
		{819221CB-82B7-43D3-A4DE-E00AF17F2FDF}.Debug|Any CPU.Build.0 = Debug|Any CPU
		{819221CB-82B7-43D3-A4DE-E00AF17F2FDF}.Release|Any CPU.ActiveCfg = Release|Any CPU
		{819221CB-82B7-43D3-A4DE-E00AF17F2FDF}.Release|Any CPU.Build.0 = Release|Any CPU
		{69AED1DD-02E1-423F-950C-DE6010DFA346}.Debug|Any CPU.ActiveCfg = Debug|Any CPU
		{69AED1DD-02E1-423F-950C-DE6010DFA346}.Debug|Any CPU.Build.0 = Debug|Any CPU
		{69AED1DD-02E1-423F-950C-DE6010DFA346}.Release|Any CPU.ActiveCfg = Release|Any CPU
		{69AED1DD-02E1-423F-950C-DE6010DFA346}.Release|Any CPU.Build.0 = Release|Any CPU
		{7FD886CC-216B-4324-9AB2-241494598B06}.Debug|Any CPU.ActiveCfg = Debug|Any CPU
		{7FD886CC-216B-4324-9AB2-241494598B06}.Debug|Any CPU.Build.0 = Debug|Any CPU
		{7FD886CC-216B-4324-9AB2-241494598B06}.Release|Any CPU.ActiveCfg = Release|Any CPU
		{7FD886CC-216B-4324-9AB2-241494598B06}.Release|Any CPU.Build.0 = Release|Any CPU
	EndGlobalSection
	GlobalSection(SolutionProperties) = preSolution
		HideSolutionNode = FALSE
	EndGlobalSection
	GlobalSection(NestedProjects) = preSolution
		{5DEDDF90-37F0-48D3-A0B0-A5CBD8A7E377} = {01167D3C-49C4-4CDE-9787-C176D139ACDD}
		{3AA1E79A-F641-4115-BF84-96ECE552EC95} = {69279534-1DBA-4115-BF8B-03F77FC8125E}
		{73108242-625A-4D7B-AA09-63375DBAE464} = {69279534-1DBA-4115-BF8B-03F77FC8125E}
		{69AED1DD-02E1-423F-950C-DE6010DFA346} = {3AA1E79A-F641-4115-BF84-96ECE552EC95}
		{819221CB-82B7-43D3-A4DE-E00AF17F2FDF} = {3AA1E79A-F641-4115-BF84-96ECE552EC95}
		{7FD886CC-216B-4324-9AB2-241494598B06} = {3AA1E79A-F641-4115-BF84-96ECE552EC95}
		{956F7D26-4505-4A26-86D0-73135BD35A93} = {73108242-625A-4D7B-AA09-63375DBAE464}
	EndGlobalSection
	GlobalSection(Performance) = preSolution
		HasPerformanceSessions = true
	EndGlobalSection
EndGlobal
