
Microsoft Visual Studio Solution File, Format Version 12.00
# Visual Studio 15
VisualStudioVersion = 15.0.26430.6
MinimumVisualStudioVersion = 10.0.40219.1
Project("{9A19103F-16F7-4668-BE54-9A1E7A4F7556}") = "DocsExamples", "DocsExamples\DocsExamples.csproj", "{47E0257B-23D0-4D0E-B567-4DFCC3B2B2E1}"
EndProject
Project("{FAE04EC0-301F-11D3-BF4B-00C04F79EFBC}") = "Tutorials", "Tutorials\Tutorials.csproj", "{3C3559CC-D45D-4621-BB81-FCD6E7B38B4A}"
EndProject
Global
	GlobalSection(SolutionConfigurationPlatforms) = preSolution
		Debug|Any CPU = Debug|Any CPU
		Debug|x64 = Debug|x64
		Debug|x86 = Debug|x86
		Release|Any CPU = Release|Any CPU
		Release|x64 = Release|x64
		Release|x86 = Release|x86
	EndGlobalSection
	GlobalSection(ProjectConfigurationPlatforms) = postSolution
		{47E0257B-23D0-4D0E-B567-4DFCC3B2B2E1}.Debug|Any CPU.ActiveCfg = Debug|Any CPU
		{47E0257B-23D0-4D0E-B567-4DFCC3B2B2E1}.Debug|Any CPU.Build.0 = Debug|Any CPU
		{47E0257B-23D0-4D0E-B567-4DFCC3B2B2E1}.Debug|x64.ActiveCfg = Debug|Any CPU
		{47E0257B-23D0-4D0E-B567-4DFCC3B2B2E1}.Debug|x64.Build.0 = Debug|Any CPU
		{47E0257B-23D0-4D0E-B567-4DFCC3B2B2E1}.Debug|x86.ActiveCfg = Debug|Any CPU
		{47E0257B-23D0-4D0E-B567-4DFCC3B2B2E1}.Debug|x86.Build.0 = Debug|Any CPU
		{47E0257B-23D0-4D0E-B567-4DFCC3B2B2E1}.Release|Any CPU.ActiveCfg = Release|Any CPU
		{47E0257B-23D0-4D0E-B567-4DFCC3B2B2E1}.Release|Any CPU.Build.0 = Release|Any CPU
		{47E0257B-23D0-4D0E-B567-4DFCC3B2B2E1}.Release|x64.ActiveCfg = Release|Any CPU
		{47E0257B-23D0-4D0E-B567-4DFCC3B2B2E1}.Release|x64.Build.0 = Release|Any CPU
		{47E0257B-23D0-4D0E-B567-4DFCC3B2B2E1}.Release|x86.ActiveCfg = Release|Any CPU
		{47E0257B-23D0-4D0E-B567-4DFCC3B2B2E1}.Release|x86.Build.0 = Release|Any CPU
		{3C3559CC-D45D-4621-BB81-FCD6E7B38B4A}.Debug|Any CPU.ActiveCfg = Debug|Any CPU
		{3C3559CC-D45D-4621-BB81-FCD6E7B38B4A}.Debug|Any CPU.Build.0 = Debug|Any CPU
		{3C3559CC-D45D-4621-BB81-FCD6E7B38B4A}.Debug|x64.ActiveCfg = Debug|Any CPU
		{3C3559CC-D45D-4621-BB81-FCD6E7B38B4A}.Debug|x64.Build.0 = Debug|Any CPU
		{3C3559CC-D45D-4621-BB81-FCD6E7B38B4A}.Debug|x86.ActiveCfg = Debug|Any CPU
		{3C3559CC-D45D-4621-BB81-FCD6E7B38B4A}.Debug|x86.Build.0 = Debug|Any CPU
		{3C3559CC-D45D-4621-BB81-FCD6E7B38B4A}.Release|Any CPU.ActiveCfg = Release|Any CPU
		{3C3559CC-D45D-4621-BB81-FCD6E7B38B4A}.Release|Any CPU.Build.0 = Release|Any CPU
		{3C3559CC-D45D-4621-BB81-FCD6E7B38B4A}.Release|x64.ActiveCfg = Release|Any CPU
		{3C3559CC-D45D-4621-BB81-FCD6E7B38B4A}.Release|x64.Build.0 = Release|Any CPU
		{3C3559CC-D45D-4621-BB81-FCD6E7B38B4A}.Release|x86.ActiveCfg = Release|Any CPU
		{3C3559CC-D45D-4621-BB81-FCD6E7B38B4A}.Release|x86.Build.0 = Release|Any CPU
	EndGlobalSection
	GlobalSection(SolutionProperties) = preSolution
		HideSolutionNode = FALSE
	EndGlobalSection
EndGlobal
