
Microsoft Visual Studio Solution File, Format Version 12.00
# Visual Studio 15
VisualStudioVersion = 15.0.26730.12
MinimumVisualStudioVersion = 10.0.40219.1
Project("{9A19103F-16F7-4668-BE54-9A1E7A4F7556}") = "DocsExamples", "DocsExamples\DocsExamples.csproj", "{47E0257B-23D0-4D0E-B567-4DFCC3B2B2E1}"
EndProject
Project("{9A19103F-16F7-4668-BE54-9A1E7A4F7556}") = "Tutorials", "Tutorials\Tutorials.csproj", "{3C3559CC-D45D-4621-BB81-FCD6E7B38B4A}"
EndProject
Project("{9A19103F-16F7-4668-BE54-9A1E7A4F7556}") = "Akka", "..\..\src\core\Akka\Akka.csproj", "{E02A1282-A92D-4958-83BD-BA887843BB3E}"
EndProject
Project("{2150E333-8FDC-42A3-9474-1A3956D46DE8}") = "Internal", "Internal", "{8FF8A4B3-FCC0-4892-B5FF-F11C827AB1F3}"
EndProject
Project("{9A19103F-16F7-4668-BE54-9A1E7A4F7556}") = "Akka.Streams", "..\..\src\core\Akka.Streams\Akka.Streams.csproj", "{BE36174C-0FC4-4A90-B12E-A1FEB1498244}"
EndProject
Project("{9A19103F-16F7-4668-BE54-9A1E7A4F7556}") = "Akka.Persistence", "..\..\src\core\Akka.Persistence\Akka.Persistence.csproj", "{9E25D89B-0516-4C2A-A976-36A4DB2FEE3B}"
EndProject
Project("{9A19103F-16F7-4668-BE54-9A1E7A4F7556}") = "Akka.TestKit", "..\..\src\core\Akka.TestKit\Akka.TestKit.csproj", "{D5CA0DCD-7E61-4D59-B3C1-45797BFDE65C}"
EndProject
Project("{9A19103F-16F7-4668-BE54-9A1E7A4F7556}") = "Akka.Cluster.Tools", "..\..\src\contrib\cluster\Akka.Cluster.Tools\Akka.Cluster.Tools.csproj", "{D25C1249-6732-425E-BE76-72A0E5351AAB}"
EndProject
Project("{9A19103F-16F7-4668-BE54-9A1E7A4F7556}") = "Akka.TestKit.Xunit2", "..\..\src\contrib\testkits\Akka.TestKit.Xunit2\Akka.TestKit.Xunit2.csproj", "{E9DAAAA6-2638-4388-9D11-8ADDC6A01C9C}"
EndProject
Project("{9A19103F-16F7-4668-BE54-9A1E7A4F7556}") = "Akka.Cluster", "..\..\src\core\Akka.Cluster\Akka.Cluster.csproj", "{3A67944B-05B5-410C-93C7-654DC91E7F1C}"
EndProject
Project("{9A19103F-16F7-4668-BE54-9A1E7A4F7556}") = "Akka.Remote", "..\..\src\core\Akka.Remote\Akka.Remote.csproj", "{E5AB69B8-8D2A-406A-AB00-FBA6FBA0D0BA}"
EndProject
Global
	GlobalSection(SolutionConfigurationPlatforms) = preSolution
		Debug|Any CPU = Debug|Any CPU
		Debug|x64 = Debug|x64
		Debug|x86 = Debug|x86
		Release|Any CPU = Release|Any CPU
		Release|x64 = Release|x64
		Release|x86 = Release|x86
	EndGlobalSection
	GlobalSection(ProjectConfigurationPlatforms) = postSolution
		{47E0257B-23D0-4D0E-B567-4DFCC3B2B2E1}.Debug|Any CPU.ActiveCfg = Debug|Any CPU
		{47E0257B-23D0-4D0E-B567-4DFCC3B2B2E1}.Debug|Any CPU.Build.0 = Debug|Any CPU
		{47E0257B-23D0-4D0E-B567-4DFCC3B2B2E1}.Debug|x64.ActiveCfg = Debug|Any CPU
		{47E0257B-23D0-4D0E-B567-4DFCC3B2B2E1}.Debug|x64.Build.0 = Debug|Any CPU
		{47E0257B-23D0-4D0E-B567-4DFCC3B2B2E1}.Debug|x86.ActiveCfg = Debug|Any CPU
		{47E0257B-23D0-4D0E-B567-4DFCC3B2B2E1}.Debug|x86.Build.0 = Debug|Any CPU
		{47E0257B-23D0-4D0E-B567-4DFCC3B2B2E1}.Release|Any CPU.ActiveCfg = Release|Any CPU
		{47E0257B-23D0-4D0E-B567-4DFCC3B2B2E1}.Release|Any CPU.Build.0 = Release|Any CPU
		{47E0257B-23D0-4D0E-B567-4DFCC3B2B2E1}.Release|x64.ActiveCfg = Release|Any CPU
		{47E0257B-23D0-4D0E-B567-4DFCC3B2B2E1}.Release|x64.Build.0 = Release|Any CPU
		{47E0257B-23D0-4D0E-B567-4DFCC3B2B2E1}.Release|x86.ActiveCfg = Release|Any CPU
		{47E0257B-23D0-4D0E-B567-4DFCC3B2B2E1}.Release|x86.Build.0 = Release|Any CPU
		{3C3559CC-D45D-4621-BB81-FCD6E7B38B4A}.Debug|Any CPU.ActiveCfg = Debug|Any CPU
		{3C3559CC-D45D-4621-BB81-FCD6E7B38B4A}.Debug|Any CPU.Build.0 = Debug|Any CPU
		{3C3559CC-D45D-4621-BB81-FCD6E7B38B4A}.Debug|x64.ActiveCfg = Debug|Any CPU
		{3C3559CC-D45D-4621-BB81-FCD6E7B38B4A}.Debug|x64.Build.0 = Debug|Any CPU
		{3C3559CC-D45D-4621-BB81-FCD6E7B38B4A}.Debug|x86.ActiveCfg = Debug|Any CPU
		{3C3559CC-D45D-4621-BB81-FCD6E7B38B4A}.Debug|x86.Build.0 = Debug|Any CPU
		{3C3559CC-D45D-4621-BB81-FCD6E7B38B4A}.Release|Any CPU.ActiveCfg = Release|Any CPU
		{3C3559CC-D45D-4621-BB81-FCD6E7B38B4A}.Release|Any CPU.Build.0 = Release|Any CPU
		{3C3559CC-D45D-4621-BB81-FCD6E7B38B4A}.Release|x64.ActiveCfg = Release|Any CPU
		{3C3559CC-D45D-4621-BB81-FCD6E7B38B4A}.Release|x64.Build.0 = Release|Any CPU
		{3C3559CC-D45D-4621-BB81-FCD6E7B38B4A}.Release|x86.ActiveCfg = Release|Any CPU
		{3C3559CC-D45D-4621-BB81-FCD6E7B38B4A}.Release|x86.Build.0 = Release|Any CPU
		{E02A1282-A92D-4958-83BD-BA887843BB3E}.Debug|Any CPU.ActiveCfg = Debug|Any CPU
		{E02A1282-A92D-4958-83BD-BA887843BB3E}.Debug|Any CPU.Build.0 = Debug|Any CPU
		{E02A1282-A92D-4958-83BD-BA887843BB3E}.Debug|x64.ActiveCfg = Debug|Any CPU
		{E02A1282-A92D-4958-83BD-BA887843BB3E}.Debug|x64.Build.0 = Debug|Any CPU
		{E02A1282-A92D-4958-83BD-BA887843BB3E}.Debug|x86.ActiveCfg = Debug|Any CPU
		{E02A1282-A92D-4958-83BD-BA887843BB3E}.Debug|x86.Build.0 = Debug|Any CPU
		{E02A1282-A92D-4958-83BD-BA887843BB3E}.Release|Any CPU.ActiveCfg = Release|Any CPU
		{E02A1282-A92D-4958-83BD-BA887843BB3E}.Release|Any CPU.Build.0 = Release|Any CPU
		{E02A1282-A92D-4958-83BD-BA887843BB3E}.Release|x64.ActiveCfg = Release|Any CPU
		{E02A1282-A92D-4958-83BD-BA887843BB3E}.Release|x64.Build.0 = Release|Any CPU
		{E02A1282-A92D-4958-83BD-BA887843BB3E}.Release|x86.ActiveCfg = Release|Any CPU
		{E02A1282-A92D-4958-83BD-BA887843BB3E}.Release|x86.Build.0 = Release|Any CPU
		{BE36174C-0FC4-4A90-B12E-A1FEB1498244}.Debug|Any CPU.ActiveCfg = Debug|Any CPU
		{BE36174C-0FC4-4A90-B12E-A1FEB1498244}.Debug|Any CPU.Build.0 = Debug|Any CPU
		{BE36174C-0FC4-4A90-B12E-A1FEB1498244}.Debug|x64.ActiveCfg = Debug|Any CPU
		{BE36174C-0FC4-4A90-B12E-A1FEB1498244}.Debug|x64.Build.0 = Debug|Any CPU
		{BE36174C-0FC4-4A90-B12E-A1FEB1498244}.Debug|x86.ActiveCfg = Debug|Any CPU
		{BE36174C-0FC4-4A90-B12E-A1FEB1498244}.Debug|x86.Build.0 = Debug|Any CPU
		{BE36174C-0FC4-4A90-B12E-A1FEB1498244}.Release|Any CPU.ActiveCfg = Release|Any CPU
		{BE36174C-0FC4-4A90-B12E-A1FEB1498244}.Release|Any CPU.Build.0 = Release|Any CPU
		{BE36174C-0FC4-4A90-B12E-A1FEB1498244}.Release|x64.ActiveCfg = Release|Any CPU
		{BE36174C-0FC4-4A90-B12E-A1FEB1498244}.Release|x64.Build.0 = Release|Any CPU
		{BE36174C-0FC4-4A90-B12E-A1FEB1498244}.Release|x86.ActiveCfg = Release|Any CPU
		{BE36174C-0FC4-4A90-B12E-A1FEB1498244}.Release|x86.Build.0 = Release|Any CPU
		{9E25D89B-0516-4C2A-A976-36A4DB2FEE3B}.Debug|Any CPU.ActiveCfg = Debug|Any CPU
		{9E25D89B-0516-4C2A-A976-36A4DB2FEE3B}.Debug|Any CPU.Build.0 = Debug|Any CPU
		{9E25D89B-0516-4C2A-A976-36A4DB2FEE3B}.Debug|x64.ActiveCfg = Debug|Any CPU
		{9E25D89B-0516-4C2A-A976-36A4DB2FEE3B}.Debug|x64.Build.0 = Debug|Any CPU
		{9E25D89B-0516-4C2A-A976-36A4DB2FEE3B}.Debug|x86.ActiveCfg = Debug|Any CPU
		{9E25D89B-0516-4C2A-A976-36A4DB2FEE3B}.Debug|x86.Build.0 = Debug|Any CPU
		{9E25D89B-0516-4C2A-A976-36A4DB2FEE3B}.Release|Any CPU.ActiveCfg = Release|Any CPU
		{9E25D89B-0516-4C2A-A976-36A4DB2FEE3B}.Release|Any CPU.Build.0 = Release|Any CPU
		{9E25D89B-0516-4C2A-A976-36A4DB2FEE3B}.Release|x64.ActiveCfg = Release|Any CPU
		{9E25D89B-0516-4C2A-A976-36A4DB2FEE3B}.Release|x64.Build.0 = Release|Any CPU
		{9E25D89B-0516-4C2A-A976-36A4DB2FEE3B}.Release|x86.ActiveCfg = Release|Any CPU
		{9E25D89B-0516-4C2A-A976-36A4DB2FEE3B}.Release|x86.Build.0 = Release|Any CPU
		{D5CA0DCD-7E61-4D59-B3C1-45797BFDE65C}.Debug|Any CPU.ActiveCfg = Debug|Any CPU
		{D5CA0DCD-7E61-4D59-B3C1-45797BFDE65C}.Debug|Any CPU.Build.0 = Debug|Any CPU
		{D5CA0DCD-7E61-4D59-B3C1-45797BFDE65C}.Debug|x64.ActiveCfg = Debug|Any CPU
		{D5CA0DCD-7E61-4D59-B3C1-45797BFDE65C}.Debug|x64.Build.0 = Debug|Any CPU
		{D5CA0DCD-7E61-4D59-B3C1-45797BFDE65C}.Debug|x86.ActiveCfg = Debug|Any CPU
		{D5CA0DCD-7E61-4D59-B3C1-45797BFDE65C}.Debug|x86.Build.0 = Debug|Any CPU
		{D5CA0DCD-7E61-4D59-B3C1-45797BFDE65C}.Release|Any CPU.ActiveCfg = Release|Any CPU
		{D5CA0DCD-7E61-4D59-B3C1-45797BFDE65C}.Release|Any CPU.Build.0 = Release|Any CPU
		{D5CA0DCD-7E61-4D59-B3C1-45797BFDE65C}.Release|x64.ActiveCfg = Release|Any CPU
		{D5CA0DCD-7E61-4D59-B3C1-45797BFDE65C}.Release|x64.Build.0 = Release|Any CPU
		{D5CA0DCD-7E61-4D59-B3C1-45797BFDE65C}.Release|x86.ActiveCfg = Release|Any CPU
		{D5CA0DCD-7E61-4D59-B3C1-45797BFDE65C}.Release|x86.Build.0 = Release|Any CPU
		{D25C1249-6732-425E-BE76-72A0E5351AAB}.Debug|Any CPU.ActiveCfg = Debug|Any CPU
		{D25C1249-6732-425E-BE76-72A0E5351AAB}.Debug|Any CPU.Build.0 = Debug|Any CPU
		{D25C1249-6732-425E-BE76-72A0E5351AAB}.Debug|x64.ActiveCfg = Debug|Any CPU
		{D25C1249-6732-425E-BE76-72A0E5351AAB}.Debug|x64.Build.0 = Debug|Any CPU
		{D25C1249-6732-425E-BE76-72A0E5351AAB}.Debug|x86.ActiveCfg = Debug|Any CPU
		{D25C1249-6732-425E-BE76-72A0E5351AAB}.Debug|x86.Build.0 = Debug|Any CPU
		{D25C1249-6732-425E-BE76-72A0E5351AAB}.Release|Any CPU.ActiveCfg = Release|Any CPU
		{D25C1249-6732-425E-BE76-72A0E5351AAB}.Release|Any CPU.Build.0 = Release|Any CPU
		{D25C1249-6732-425E-BE76-72A0E5351AAB}.Release|x64.ActiveCfg = Release|Any CPU
		{D25C1249-6732-425E-BE76-72A0E5351AAB}.Release|x64.Build.0 = Release|Any CPU
		{D25C1249-6732-425E-BE76-72A0E5351AAB}.Release|x86.ActiveCfg = Release|Any CPU
		{D25C1249-6732-425E-BE76-72A0E5351AAB}.Release|x86.Build.0 = Release|Any CPU
		{E9DAAAA6-2638-4388-9D11-8ADDC6A01C9C}.Debug|Any CPU.ActiveCfg = Debug|Any CPU
		{E9DAAAA6-2638-4388-9D11-8ADDC6A01C9C}.Debug|Any CPU.Build.0 = Debug|Any CPU
		{E9DAAAA6-2638-4388-9D11-8ADDC6A01C9C}.Debug|x64.ActiveCfg = Debug|Any CPU
		{E9DAAAA6-2638-4388-9D11-8ADDC6A01C9C}.Debug|x64.Build.0 = Debug|Any CPU
		{E9DAAAA6-2638-4388-9D11-8ADDC6A01C9C}.Debug|x86.ActiveCfg = Debug|Any CPU
		{E9DAAAA6-2638-4388-9D11-8ADDC6A01C9C}.Debug|x86.Build.0 = Debug|Any CPU
		{E9DAAAA6-2638-4388-9D11-8ADDC6A01C9C}.Release|Any CPU.ActiveCfg = Release|Any CPU
		{E9DAAAA6-2638-4388-9D11-8ADDC6A01C9C}.Release|Any CPU.Build.0 = Release|Any CPU
		{E9DAAAA6-2638-4388-9D11-8ADDC6A01C9C}.Release|x64.ActiveCfg = Release|Any CPU
		{E9DAAAA6-2638-4388-9D11-8ADDC6A01C9C}.Release|x64.Build.0 = Release|Any CPU
		{E9DAAAA6-2638-4388-9D11-8ADDC6A01C9C}.Release|x86.ActiveCfg = Release|Any CPU
		{E9DAAAA6-2638-4388-9D11-8ADDC6A01C9C}.Release|x86.Build.0 = Release|Any CPU
		{3A67944B-05B5-410C-93C7-654DC91E7F1C}.Debug|Any CPU.ActiveCfg = Debug|Any CPU
		{3A67944B-05B5-410C-93C7-654DC91E7F1C}.Debug|Any CPU.Build.0 = Debug|Any CPU
		{3A67944B-05B5-410C-93C7-654DC91E7F1C}.Debug|x64.ActiveCfg = Debug|Any CPU
		{3A67944B-05B5-410C-93C7-654DC91E7F1C}.Debug|x64.Build.0 = Debug|Any CPU
		{3A67944B-05B5-410C-93C7-654DC91E7F1C}.Debug|x86.ActiveCfg = Debug|Any CPU
		{3A67944B-05B5-410C-93C7-654DC91E7F1C}.Debug|x86.Build.0 = Debug|Any CPU
		{3A67944B-05B5-410C-93C7-654DC91E7F1C}.Release|Any CPU.ActiveCfg = Release|Any CPU
		{3A67944B-05B5-410C-93C7-654DC91E7F1C}.Release|Any CPU.Build.0 = Release|Any CPU
		{3A67944B-05B5-410C-93C7-654DC91E7F1C}.Release|x64.ActiveCfg = Release|Any CPU
		{3A67944B-05B5-410C-93C7-654DC91E7F1C}.Release|x64.Build.0 = Release|Any CPU
		{3A67944B-05B5-410C-93C7-654DC91E7F1C}.Release|x86.ActiveCfg = Release|Any CPU
		{3A67944B-05B5-410C-93C7-654DC91E7F1C}.Release|x86.Build.0 = Release|Any CPU
		{E5AB69B8-8D2A-406A-AB00-FBA6FBA0D0BA}.Debug|Any CPU.ActiveCfg = Debug|Any CPU
		{E5AB69B8-8D2A-406A-AB00-FBA6FBA0D0BA}.Debug|Any CPU.Build.0 = Debug|Any CPU
		{E5AB69B8-8D2A-406A-AB00-FBA6FBA0D0BA}.Debug|x64.ActiveCfg = Debug|Any CPU
		{E5AB69B8-8D2A-406A-AB00-FBA6FBA0D0BA}.Debug|x64.Build.0 = Debug|Any CPU
		{E5AB69B8-8D2A-406A-AB00-FBA6FBA0D0BA}.Debug|x86.ActiveCfg = Debug|Any CPU
		{E5AB69B8-8D2A-406A-AB00-FBA6FBA0D0BA}.Debug|x86.Build.0 = Debug|Any CPU
		{E5AB69B8-8D2A-406A-AB00-FBA6FBA0D0BA}.Release|Any CPU.ActiveCfg = Release|Any CPU
		{E5AB69B8-8D2A-406A-AB00-FBA6FBA0D0BA}.Release|Any CPU.Build.0 = Release|Any CPU
		{E5AB69B8-8D2A-406A-AB00-FBA6FBA0D0BA}.Release|x64.ActiveCfg = Release|Any CPU
		{E5AB69B8-8D2A-406A-AB00-FBA6FBA0D0BA}.Release|x64.Build.0 = Release|Any CPU
		{E5AB69B8-8D2A-406A-AB00-FBA6FBA0D0BA}.Release|x86.ActiveCfg = Release|Any CPU
		{E5AB69B8-8D2A-406A-AB00-FBA6FBA0D0BA}.Release|x86.Build.0 = Release|Any CPU
	EndGlobalSection
	GlobalSection(SolutionProperties) = preSolution
		HideSolutionNode = FALSE
	EndGlobalSection
	GlobalSection(NestedProjects) = preSolution
		{E02A1282-A92D-4958-83BD-BA887843BB3E} = {8FF8A4B3-FCC0-4892-B5FF-F11C827AB1F3}
		{BE36174C-0FC4-4A90-B12E-A1FEB1498244} = {8FF8A4B3-FCC0-4892-B5FF-F11C827AB1F3}
		{9E25D89B-0516-4C2A-A976-36A4DB2FEE3B} = {8FF8A4B3-FCC0-4892-B5FF-F11C827AB1F3}
		{D5CA0DCD-7E61-4D59-B3C1-45797BFDE65C} = {8FF8A4B3-FCC0-4892-B5FF-F11C827AB1F3}
		{D25C1249-6732-425E-BE76-72A0E5351AAB} = {8FF8A4B3-FCC0-4892-B5FF-F11C827AB1F3}
		{E9DAAAA6-2638-4388-9D11-8ADDC6A01C9C} = {8FF8A4B3-FCC0-4892-B5FF-F11C827AB1F3}
		{3A67944B-05B5-410C-93C7-654DC91E7F1C} = {8FF8A4B3-FCC0-4892-B5FF-F11C827AB1F3}
		{E5AB69B8-8D2A-406A-AB00-FBA6FBA0D0BA} = {8FF8A4B3-FCC0-4892-B5FF-F11C827AB1F3}
	EndGlobalSection
	GlobalSection(ExtensibilityGlobals) = postSolution
		SolutionGuid = {76767832-3C78-4846-B241-FBCCD4996F8D}
	EndGlobalSection
EndGlobal
