
Microsoft Visual Studio Solution File, Format Version 12.00
# Visual Studio 14
VisualStudioVersion = 14.0.23107.0
MinimumVisualStudioVersion = 10.0.40219.1
Project("{2150E333-8FDC-42A3-9474-1A3956D46DE8}") = "Core", "Core", "{048C1AB9-8904-44A9-B8E6-31B6C81FB53E}"
EndProject
Project("{8BB2217D-0F2D-49D1-97BC-3654ED321F3B}") = "Akka", "core\Akka\Akka.xproj", "{81765631-AAD7-4BD2-8D93-2EAA3AC04CB3}"
EndProject
Project("{8BB2217D-0F2D-49D1-97BC-3654ED321F3B}") = "Akka.TestKit", "core\Akka.TestKit\Akka.TestKit.xproj", "{3F6E5FFC-4D4D-4A70-8D50-503A91BC6BA3}"
EndProject
Project("{8BB2217D-0F2D-49D1-97BC-3654ED321F3B}") = "Akka.TestKit.Xunit2", "contrib\testkits\Akka.TestKit.Xunit2\Akka.TestKit.Xunit2.xproj", "{49892267-6076-41E8-A374-D081FA909E1C}"
EndProject
Project("{2150E333-8FDC-42A3-9474-1A3956D46DE8}") = "Solution Items", "Solution Items", "{F968A84A-6050-4704-BE50-7C3A6BEC812A}"
	ProjectSection(SolutionItems) = preProject
		global.json = global.json
	EndProjectSection
EndProject
Project("{8BB2217D-0F2D-49D1-97BC-3654ED321F3B}") = "Akka.Tests.Shared.Internals", "core\Akka.Tests.Shared.Internals\Akka.Tests.Shared.Internals.xproj", "{89ADBFD6-7D3B-4D10-B432-09234CE2F540}"
EndProject
Project("{8BB2217D-0F2D-49D1-97BC-3654ED321F3B}") = "Akka.Tests", "core\Akka.Tests\Akka.Tests.xproj", "{F72FC814-B3E5-44BF-8AFF-554207257893}"
EndProject
Project("{2150E333-8FDC-42A3-9474-1A3956D46DE8}") = "Examples", "Examples", "{A13D14A2-7F09-4CF4-9997-D46961C04738}"
EndProject
Project("{8BB2217D-0F2D-49D1-97BC-3654ED321F3B}") = "HelloAkka", "examples\HelloWorld\HelloAkka\HelloAkka.xproj", "{201AA350-CF51-489A-A7D1-AA06A4DE7219}"
EndProject
Project("{8BB2217D-0F2D-49D1-97BC-3654ED321F3B}") = "FaultTolerance", "examples\FaultTolerance\FaultTolerance.xproj", "{8AA73CF1-BD25-4D8D-9C95-C011212AF363}"
EndProject
Global
	GlobalSection(SolutionConfigurationPlatforms) = preSolution
		Debug Mono|Any CPU = Debug Mono|Any CPU
		Debug|Any CPU = Debug|Any CPU
		Release Mono|Any CPU = Release Mono|Any CPU
		Release|Any CPU = Release|Any CPU
	EndGlobalSection
	GlobalSection(ProjectConfigurationPlatforms) = postSolution
		{81765631-AAD7-4BD2-8D93-2EAA3AC04CB3}.Debug Mono|Any CPU.ActiveCfg = Debug|Any CPU
		{81765631-AAD7-4BD2-8D93-2EAA3AC04CB3}.Debug Mono|Any CPU.Build.0 = Debug|Any CPU
		{81765631-AAD7-4BD2-8D93-2EAA3AC04CB3}.Debug|Any CPU.ActiveCfg = Debug|Any CPU
		{81765631-AAD7-4BD2-8D93-2EAA3AC04CB3}.Debug|Any CPU.Build.0 = Debug|Any CPU
		{81765631-AAD7-4BD2-8D93-2EAA3AC04CB3}.Release Mono|Any CPU.ActiveCfg = Release|Any CPU
		{81765631-AAD7-4BD2-8D93-2EAA3AC04CB3}.Release Mono|Any CPU.Build.0 = Release|Any CPU
		{81765631-AAD7-4BD2-8D93-2EAA3AC04CB3}.Release|Any CPU.ActiveCfg = Release|Any CPU
		{81765631-AAD7-4BD2-8D93-2EAA3AC04CB3}.Release|Any CPU.Build.0 = Release|Any CPU
		{3F6E5FFC-4D4D-4A70-8D50-503A91BC6BA3}.Debug Mono|Any CPU.ActiveCfg = Debug|Any CPU
		{3F6E5FFC-4D4D-4A70-8D50-503A91BC6BA3}.Debug Mono|Any CPU.Build.0 = Debug|Any CPU
		{3F6E5FFC-4D4D-4A70-8D50-503A91BC6BA3}.Debug|Any CPU.ActiveCfg = Debug|Any CPU
		{3F6E5FFC-4D4D-4A70-8D50-503A91BC6BA3}.Debug|Any CPU.Build.0 = Debug|Any CPU
		{3F6E5FFC-4D4D-4A70-8D50-503A91BC6BA3}.Release Mono|Any CPU.ActiveCfg = Release|Any CPU
		{3F6E5FFC-4D4D-4A70-8D50-503A91BC6BA3}.Release Mono|Any CPU.Build.0 = Release|Any CPU
		{3F6E5FFC-4D4D-4A70-8D50-503A91BC6BA3}.Release|Any CPU.ActiveCfg = Release|Any CPU
		{3F6E5FFC-4D4D-4A70-8D50-503A91BC6BA3}.Release|Any CPU.Build.0 = Release|Any CPU
		{49892267-6076-41E8-A374-D081FA909E1C}.Debug Mono|Any CPU.ActiveCfg = Debug|Any CPU
		{49892267-6076-41E8-A374-D081FA909E1C}.Debug Mono|Any CPU.Build.0 = Debug|Any CPU
		{49892267-6076-41E8-A374-D081FA909E1C}.Debug|Any CPU.ActiveCfg = Debug|Any CPU
		{49892267-6076-41E8-A374-D081FA909E1C}.Debug|Any CPU.Build.0 = Debug|Any CPU
		{49892267-6076-41E8-A374-D081FA909E1C}.Release Mono|Any CPU.ActiveCfg = Release|Any CPU
		{49892267-6076-41E8-A374-D081FA909E1C}.Release Mono|Any CPU.Build.0 = Release|Any CPU
		{49892267-6076-41E8-A374-D081FA909E1C}.Release|Any CPU.ActiveCfg = Release|Any CPU
		{49892267-6076-41E8-A374-D081FA909E1C}.Release|Any CPU.Build.0 = Release|Any CPU
		{89ADBFD6-7D3B-4D10-B432-09234CE2F540}.Debug Mono|Any CPU.ActiveCfg = Debug|Any CPU
		{89ADBFD6-7D3B-4D10-B432-09234CE2F540}.Debug Mono|Any CPU.Build.0 = Debug|Any CPU
		{89ADBFD6-7D3B-4D10-B432-09234CE2F540}.Debug|Any CPU.ActiveCfg = Debug|Any CPU
		{89ADBFD6-7D3B-4D10-B432-09234CE2F540}.Debug|Any CPU.Build.0 = Debug|Any CPU
		{89ADBFD6-7D3B-4D10-B432-09234CE2F540}.Release Mono|Any CPU.ActiveCfg = Release|Any CPU
		{89ADBFD6-7D3B-4D10-B432-09234CE2F540}.Release Mono|Any CPU.Build.0 = Release|Any CPU
		{89ADBFD6-7D3B-4D10-B432-09234CE2F540}.Release|Any CPU.ActiveCfg = Release|Any CPU
		{89ADBFD6-7D3B-4D10-B432-09234CE2F540}.Release|Any CPU.Build.0 = Release|Any CPU
		{F72FC814-B3E5-44BF-8AFF-554207257893}.Debug Mono|Any CPU.ActiveCfg = Debug|Any CPU
		{F72FC814-B3E5-44BF-8AFF-554207257893}.Debug Mono|Any CPU.Build.0 = Debug|Any CPU
		{F72FC814-B3E5-44BF-8AFF-554207257893}.Debug|Any CPU.ActiveCfg = Debug|Any CPU
		{F72FC814-B3E5-44BF-8AFF-554207257893}.Debug|Any CPU.Build.0 = Debug|Any CPU
		{F72FC814-B3E5-44BF-8AFF-554207257893}.Release Mono|Any CPU.ActiveCfg = Release|Any CPU
		{F72FC814-B3E5-44BF-8AFF-554207257893}.Release Mono|Any CPU.Build.0 = Release|Any CPU
		{F72FC814-B3E5-44BF-8AFF-554207257893}.Release|Any CPU.ActiveCfg = Release|Any CPU
		{F72FC814-B3E5-44BF-8AFF-554207257893}.Release|Any CPU.Build.0 = Release|Any CPU
		{201AA350-CF51-489A-A7D1-AA06A4DE7219}.Debug Mono|Any CPU.ActiveCfg = Debug|Any CPU
		{201AA350-CF51-489A-A7D1-AA06A4DE7219}.Debug Mono|Any CPU.Build.0 = Debug|Any CPU
		{201AA350-CF51-489A-A7D1-AA06A4DE7219}.Debug|Any CPU.ActiveCfg = Debug|Any CPU
		{201AA350-CF51-489A-A7D1-AA06A4DE7219}.Debug|Any CPU.Build.0 = Debug|Any CPU
		{201AA350-CF51-489A-A7D1-AA06A4DE7219}.Release Mono|Any CPU.ActiveCfg = Release|Any CPU
		{201AA350-CF51-489A-A7D1-AA06A4DE7219}.Release Mono|Any CPU.Build.0 = Release|Any CPU
		{201AA350-CF51-489A-A7D1-AA06A4DE7219}.Release|Any CPU.ActiveCfg = Release|Any CPU
		{201AA350-CF51-489A-A7D1-AA06A4DE7219}.Release|Any CPU.Build.0 = Release|Any CPU
		{8AA73CF1-BD25-4D8D-9C95-C011212AF363}.Debug Mono|Any CPU.ActiveCfg = Debug|Any CPU
		{8AA73CF1-BD25-4D8D-9C95-C011212AF363}.Debug Mono|Any CPU.Build.0 = Debug|Any CPU
		{8AA73CF1-BD25-4D8D-9C95-C011212AF363}.Debug|Any CPU.ActiveCfg = Debug|Any CPU
		{8AA73CF1-BD25-4D8D-9C95-C011212AF363}.Debug|Any CPU.Build.0 = Debug|Any CPU
		{8AA73CF1-BD25-4D8D-9C95-C011212AF363}.Release Mono|Any CPU.ActiveCfg = Release|Any CPU
		{8AA73CF1-BD25-4D8D-9C95-C011212AF363}.Release Mono|Any CPU.Build.0 = Release|Any CPU
		{8AA73CF1-BD25-4D8D-9C95-C011212AF363}.Release|Any CPU.ActiveCfg = Release|Any CPU
		{8AA73CF1-BD25-4D8D-9C95-C011212AF363}.Release|Any CPU.Build.0 = Release|Any CPU
	EndGlobalSection
	GlobalSection(SolutionProperties) = preSolution
		HideSolutionNode = FALSE
	EndGlobalSection
	GlobalSection(NestedProjects) = preSolution
		{81765631-AAD7-4BD2-8D93-2EAA3AC04CB3} = {048C1AB9-8904-44A9-B8E6-31B6C81FB53E}
		{3F6E5FFC-4D4D-4A70-8D50-503A91BC6BA3} = {048C1AB9-8904-44A9-B8E6-31B6C81FB53E}
		{49892267-6076-41E8-A374-D081FA909E1C} = {048C1AB9-8904-44A9-B8E6-31B6C81FB53E}
		{89ADBFD6-7D3B-4D10-B432-09234CE2F540} = {048C1AB9-8904-44A9-B8E6-31B6C81FB53E}
		{F72FC814-B3E5-44BF-8AFF-554207257893} = {048C1AB9-8904-44A9-B8E6-31B6C81FB53E}
		{201AA350-CF51-489A-A7D1-AA06A4DE7219} = {A13D14A2-7F09-4CF4-9997-D46961C04738}
		{8AA73CF1-BD25-4D8D-9C95-C011212AF363} = {A13D14A2-7F09-4CF4-9997-D46961C04738}
	EndGlobalSection
EndGlobal
