
Microsoft Visual Studio Solution File, Format Version 12.00
# Visual Studio 14
VisualStudioVersion = 14.0.25420.1
MinimumVisualStudioVersion = 10.0.40219.1
Project("{2150E333-8FDC-42A3-9474-1A3956D46DE8}") = "core", "core", "{A04FB48F-475D-4591-B5C6-DD0BF824E6EE}"
EndProject
Project("{2150E333-8FDC-42A3-9474-1A3956D46DE8}") = "Solution Items", "Solution Items", "{7F0C38CA-9F68-4EB7-B107-840744EDC829}"
	ProjectSection(SolutionItems) = preProject
		global.json = global.json
	EndProjectSection
EndProject
Project("{8BB2217D-0F2D-49D1-97BC-3654ED321F3B}") = "Akka", "core\Akka\Akka.xproj", "{32F1ABF6-AE51-4101-991D-467E284F2DA0}"
EndProject
Project("{8BB2217D-0F2D-49D1-97BC-3654ED321F3B}") = "Akka.Persistence", "core\Akka.Persistence\Akka.Persistence.xproj", "{0E52CD50-B64D-485E-986B-90139026D924}"
EndProject
Project("{8BB2217D-0F2D-49D1-97BC-3654ED321F3B}") = "Akka.Persistence.Query", "core\Akka.Persistence.Query\Akka.Persistence.Query.xproj", "{F70851FF-D687-4BD0-891B-177CE7859997}"
EndProject
Project("{8BB2217D-0F2D-49D1-97BC-3654ED321F3B}") = "Akka.Streams", "core\Akka.Streams\Akka.Streams.xproj", "{E2F154D0-BD0E-47DD-8ABA-56F1F0C04DD8}"
EndProject
Project("{8BB2217D-0F2D-49D1-97BC-3654ED321F3B}") = "Akka.TestKit", "core\Akka.TestKit\Akka.TestKit.xproj", "{2C192611-5E85-4E5E-B2F0-368AAD0A3B79}"
EndProject
Project("{8BB2217D-0F2D-49D1-97BC-3654ED321F3B}") = "Akka.Tests", "core\Akka.Tests\Akka.Tests.xproj", "{84B52A04-668F-4165-B568-283D76F5E9D1}"
EndProject
Project("{8BB2217D-0F2D-49D1-97BC-3654ED321F3B}") = "Akka.Tests.Shared.Internals", "core\Akka.Tests.Shared.Internals\Akka.Tests.Shared.Internals.xproj", "{C0B42C0F-2B3A-437D-B88F-5F4F2DA8D6C7}"
EndProject
Project("{2150E333-8FDC-42A3-9474-1A3956D46DE8}") = "contrib", "contrib", "{B32C3935-1914-4B26-8BAC-4F75C30A0374}"
EndProject
Project("{2150E333-8FDC-42A3-9474-1A3956D46DE8}") = "testkits", "testkits", "{F01E3A69-91F0-43A9-8528-0CED90E6BBF5}"
EndProject
Project("{8BB2217D-0F2D-49D1-97BC-3654ED321F3B}") = "Akka.TestKit.Xunit2", "contrib\testkits\Akka.TestKit.Xunit2\Akka.TestKit.Xunit2.xproj", "{160B8857-D62C-4467-9A80-3E5A7C01B1CC}"
EndProject
Project("{8BB2217D-0F2D-49D1-97BC-3654ED321F3B}") = "Akka.Remote", "core\Akka.Remote\Akka.Remote.xproj", "{B4DB50C9-D524-464F-949E-8053D807B241}"
EndProject
Project("{8BB2217D-0F2D-49D1-97BC-3654ED321F3B}") = "Akka.Cluster", "core\Akka.Cluster\Akka.Cluster.xproj", "{4D7237D7-0498-4164-B309-607CACE3E569}"
EndProject
Project("{2150E333-8FDC-42A3-9474-1A3956D46DE8}") = "cluster", "cluster", "{83A0056A-214B-4A8F-9A34-E93A8C0CA46C}"
EndProject
Project("{8BB2217D-0F2D-49D1-97BC-3654ED321F3B}") = "Akka.Cluster.Tools", "contrib\cluster\Akka.Cluster.Tools\Akka.Cluster.Tools.xproj", "{BEEDDB83-0D31-43BE-B28F-97DC64FB1CE8}"
EndProject
Project("{8BB2217D-0F2D-49D1-97BC-3654ED321F3B}") = "Akka.Cluster.Sharding", "contrib\cluster\Akka.Cluster.Sharding\Akka.Cluster.Sharding.xproj", "{F504A0DD-9D75-48EB-9EBF-11A6291A85C1}"
EndProject
Project("{8BB2217D-0F2D-49D1-97BC-3654ED321F3B}") = "Akka.Remote.Tests", "core\Akka.Remote.Tests\Akka.Remote.Tests.xproj", "{0211374D-47AA-4ED0-B421-63A5AF9D5659}"
EndProject
Project("{8BB2217D-0F2D-49D1-97BC-3654ED321F3B}") = "Akka.Remote.TestKit", "core\Akka.Remote.TestKit\Akka.Remote.TestKit.xproj", "{3826BEF7-357B-47B4-9F47-8189D40700FE}"
EndProject
Project("{8BB2217D-0F2D-49D1-97BC-3654ED321F3B}") = "Akka.Streams.Tests", "core\Akka.Streams.Tests\Akka.Streams.Tests.xproj", "{F7067522-65F3-4C03-85FD-C78C661902D0}"
EndProject
Project("{8BB2217D-0F2D-49D1-97BC-3654ED321F3B}") = "Akka.Streams.TestKit", "core\Akka.Streams.TestKit\Akka.Streams.TestKit.xproj", "{886C679F-687A-4616-929F-17DAFB42E826}"
EndProject
Project("{8BB2217D-0F2D-49D1-97BC-3654ED321F3B}") = "Akka.Streams.TestKit.Tests", "core\Akka.Streams.TestKit.Tests\Akka.Streams.TestKit.Tests.xproj", "{2B6C2323-C495-49E2-B010-35A77FBC5F96}"
EndProject
Project("{8BB2217D-0F2D-49D1-97BC-3654ED321F3B}") = "Akka.Cluster.Tests", "core\Akka.Cluster.Tests\Akka.Cluster.Tests.xproj", "{04FE36E2-1176-4E1E-BFE4-619C121AF4C0}"
EndProject
Project("{8BB2217D-0F2D-49D1-97BC-3654ED321F3B}") = "Akka.TestKit.Tests", "core\Akka.TestKit.Tests\Akka.TestKit.Tests.xproj", "{DF354FBB-D86B-48A5-A71B-C0113481225B}"
EndProject
Project("{8BB2217D-0F2D-49D1-97BC-3654ED321F3B}") = "Akka.Remote.TestKit.Tests", "core\Akka.Remote.TestKit.Tests\Akka.Remote.TestKit.Tests.xproj", "{276EA597-C698-4173-BEDB-139DBCA5E8B9}"
EndProject
Project("{8BB2217D-0F2D-49D1-97BC-3654ED321F3B}") = "Akka.Cluster.TestKit", "core\Akka.Cluster.TestKit\Akka.Cluster.TestKit.xproj", "{84F77429-F926-4825-9BDD-64B29A93CFF3}"
EndProject
Project("{8BB2217D-0F2D-49D1-97BC-3654ED321F3B}") = "Akka.Persistence.TestKit", "core\Akka.Persistence.TestKit\Akka.Persistence.TestKit.xproj", "{05383A33-31D3-48C3-9F6A-57DB8BAFEC8D}"
EndProject
Project("{8BB2217D-0F2D-49D1-97BC-3654ED321F3B}") = "Akka.Persistence.TestKit.Tests", "core\Akka.Persistence.TestKit.Tests\Akka.Persistence.TestKit.Tests.xproj", "{E809E95F-683E-4499-A70D-953182279E42}"
EndProject
Project("{8BB2217D-0F2D-49D1-97BC-3654ED321F3B}") = "Akka.Persistence.Tests", "core\Akka.Persistence.Tests\Akka.Persistence.Tests.xproj", "{6E62D055-D6CF-4FE2-8993-1479F4326AAF}"
EndProject
Project("{8BB2217D-0F2D-49D1-97BC-3654ED321F3B}") = "Akka.Persistence.Query.Tests", "core\Akka.Persistence.Query.Tests\Akka.Persistence.Query.Tests.xproj", "{1261589D-EA1F-4923-A678-5C5C83C8601D}"
EndProject
Project("{2150E333-8FDC-42A3-9474-1A3956D46DE8}") = "persistence", "persistence", "{6771684C-0A9D-4244-AB5F-E4997DCBD7DB}"
EndProject
Project("{8BB2217D-0F2D-49D1-97BC-3654ED321F3B}") = "Akka.Cluster.Sharding.Tests", "contrib\cluster\Akka.Cluster.Sharding.Tests\Akka.Cluster.Sharding.Tests.xproj", "{7F980AD5-27FF-4A86-8FB4-622A64615AD4}"
EndProject
Project("{8BB2217D-0F2D-49D1-97BC-3654ED321F3B}") = "Akka.Cluster.Tools.Tests", "contrib\cluster\Akka.Cluster.Tools.Tests\Akka.Cluster.Tools.Tests.xproj", "{C9D9946B-946C-4138-86D7-5F9111CEFA6D}"
EndProject
Project("{8BB2217D-0F2D-49D1-97BC-3654ED321F3B}") = "Akka.Persistence.Sql.Common", "contrib\persistence\Akka.Persistence.Sql.Common\Akka.Persistence.Sql.Common.xproj", "{3B9B3550-0F9C-43D2-9E20-894E8C0D9B05}"
EndProject
Project("{8BB2217D-0F2D-49D1-97BC-3654ED321F3B}") = "Akka.Persistence.Sqlite", "contrib\persistence\Akka.Persistence.Sqlite\Akka.Persistence.Sqlite.xproj", "{7859CB65-308E-4291-9AF2-07DBBC60EB29}"
EndProject
Project("{8BB2217D-0F2D-49D1-97BC-3654ED321F3B}") = "Akka.Persistence.Sqlite.Tests", "contrib\persistence\Akka.Persistence.Sqlite.Tests\Akka.Persistence.Sqlite.Tests.xproj", "{7530B37A-EFB3-4EA2-9351-8631A269CCC9}"
EndProject
Project("{8BB2217D-0F2D-49D1-97BC-3654ED321F3B}") = "Akka.Persistence.Query.Sql", "contrib\persistence\Akka.Persistence.Query.Sql\Akka.Persistence.Query.Sql.xproj", "{03BA6F61-A4AD-42D3-B277-C469C7342EF5}"
EndProject
Project("{8BB2217D-0F2D-49D1-97BC-3654ED321F3B}") = "Akka.Persistence.Sql.TestKit", "contrib\persistence\Akka.Persistence.Sql.TestKit\Akka.Persistence.Sql.TestKit.xproj", "{2880D21E-B58A-4771-A1A6-9223ECF2785B}"
EndProject
Project("{8BB2217D-0F2D-49D1-97BC-3654ED321F3B}") = "Akka.FSharp", "core\Akka.FSharp\Akka.FSharp.xproj", "{D4FD7253-54CD-4C8A-BBFE-7464BD1D1720}"
EndProject
Project("{8BB2217D-0F2D-49D1-97BC-3654ED321F3B}") = "Akka.Persistence.FSharp", "core\Akka.Persistence.FSharp\Akka.Persistence.FSharp.xproj", "{D4CD1C72-C973-4750-AB2A-12C0F2394003}"
EndProject
Project("{8BB2217D-0F2D-49D1-97BC-3654ED321F3B}") = "Akka.Cluster.Tests.MultiNode", "core\Akka.Cluster.Tests.MultiNode\Akka.Cluster.Tests.MultiNode.xproj", "{4C35BDDA-755D-4C3C-92AB-296DCE9093F3}"
EndProject
Project("{8BB2217D-0F2D-49D1-97BC-3654ED321F3B}") = "Akka.Remote.Tests.MultiNode", "core\Akka.Remote.Tests.MultiNode\Akka.Remote.Tests.MultiNode.xproj", "{AF8934BD-FEC9-419B-805D-06A1E640432D}"
EndProject
Project("{8BB2217D-0F2D-49D1-97BC-3654ED321F3B}") = "Akka.Cluster.Tools.Tests.MultiNode", "contrib\cluster\Akka.Cluster.Tools.Tests.MultiNode\Akka.Cluster.Tools.Tests.MultiNode.xproj", "{9402E5BD-A1AC-47A5-9DBA-4FFBC2406E63}"
EndProject
Project("{8BB2217D-0F2D-49D1-97BC-3654ED321F3B}") = "Akka.Remote.Tests.Performance", "core\Akka.Remote.Tests.Performance\Akka.Remote.Tests.Performance.xproj", "{3E72C8EC-7BBF-4FC1-97F8-4085238CEA6C}"
EndProject
Project("{8BB2217D-0F2D-49D1-97BC-3654ED321F3B}") = "Akka.Streams.Tests.Performance", "core\Akka.Streams.Tests.Performance\Akka.Streams.Tests.Performance.xproj", "{E94F9452-9B80-4952-B233-574F9B0CD2B7}"
EndProject
Project("{8BB2217D-0F2D-49D1-97BC-3654ED321F3B}") = "Akka.Tests.Performance", "core\Akka.Tests.Performance\Akka.Tests.Performance.xproj", "{DAB7E049-1BB1-4195-B6B0-3D5FF1C442ED}"
EndProject
Global
	GlobalSection(SolutionConfigurationPlatforms) = preSolution
		Debug|Any CPU = Debug|Any CPU
		Release|Any CPU = Release|Any CPU
	EndGlobalSection
	GlobalSection(ProjectConfigurationPlatforms) = postSolution
		{32F1ABF6-AE51-4101-991D-467E284F2DA0}.Debug|Any CPU.ActiveCfg = Debug|Any CPU
		{32F1ABF6-AE51-4101-991D-467E284F2DA0}.Debug|Any CPU.Build.0 = Debug|Any CPU
		{32F1ABF6-AE51-4101-991D-467E284F2DA0}.Release|Any CPU.ActiveCfg = Release|Any CPU
		{32F1ABF6-AE51-4101-991D-467E284F2DA0}.Release|Any CPU.Build.0 = Release|Any CPU
		{0E52CD50-B64D-485E-986B-90139026D924}.Debug|Any CPU.ActiveCfg = Debug|Any CPU
		{0E52CD50-B64D-485E-986B-90139026D924}.Debug|Any CPU.Build.0 = Debug|Any CPU
		{0E52CD50-B64D-485E-986B-90139026D924}.Release|Any CPU.ActiveCfg = Release|Any CPU
		{0E52CD50-B64D-485E-986B-90139026D924}.Release|Any CPU.Build.0 = Release|Any CPU
		{F70851FF-D687-4BD0-891B-177CE7859997}.Debug|Any CPU.ActiveCfg = Debug|Any CPU
		{F70851FF-D687-4BD0-891B-177CE7859997}.Debug|Any CPU.Build.0 = Debug|Any CPU
		{F70851FF-D687-4BD0-891B-177CE7859997}.Release|Any CPU.ActiveCfg = Release|Any CPU
		{F70851FF-D687-4BD0-891B-177CE7859997}.Release|Any CPU.Build.0 = Release|Any CPU
		{E2F154D0-BD0E-47DD-8ABA-56F1F0C04DD8}.Debug|Any CPU.ActiveCfg = Debug|Any CPU
		{E2F154D0-BD0E-47DD-8ABA-56F1F0C04DD8}.Debug|Any CPU.Build.0 = Debug|Any CPU
		{E2F154D0-BD0E-47DD-8ABA-56F1F0C04DD8}.Release|Any CPU.ActiveCfg = Release|Any CPU
		{E2F154D0-BD0E-47DD-8ABA-56F1F0C04DD8}.Release|Any CPU.Build.0 = Release|Any CPU
		{2C192611-5E85-4E5E-B2F0-368AAD0A3B79}.Debug|Any CPU.ActiveCfg = Debug|Any CPU
		{2C192611-5E85-4E5E-B2F0-368AAD0A3B79}.Debug|Any CPU.Build.0 = Debug|Any CPU
		{2C192611-5E85-4E5E-B2F0-368AAD0A3B79}.Release|Any CPU.ActiveCfg = Release|Any CPU
		{2C192611-5E85-4E5E-B2F0-368AAD0A3B79}.Release|Any CPU.Build.0 = Release|Any CPU
		{84B52A04-668F-4165-B568-283D76F5E9D1}.Debug|Any CPU.ActiveCfg = Debug|Any CPU
		{84B52A04-668F-4165-B568-283D76F5E9D1}.Debug|Any CPU.Build.0 = Debug|Any CPU
		{84B52A04-668F-4165-B568-283D76F5E9D1}.Release|Any CPU.ActiveCfg = Release|Any CPU
		{84B52A04-668F-4165-B568-283D76F5E9D1}.Release|Any CPU.Build.0 = Release|Any CPU
		{C0B42C0F-2B3A-437D-B88F-5F4F2DA8D6C7}.Debug|Any CPU.ActiveCfg = Debug|Any CPU
		{C0B42C0F-2B3A-437D-B88F-5F4F2DA8D6C7}.Debug|Any CPU.Build.0 = Debug|Any CPU
		{C0B42C0F-2B3A-437D-B88F-5F4F2DA8D6C7}.Release|Any CPU.ActiveCfg = Release|Any CPU
		{C0B42C0F-2B3A-437D-B88F-5F4F2DA8D6C7}.Release|Any CPU.Build.0 = Release|Any CPU
		{160B8857-D62C-4467-9A80-3E5A7C01B1CC}.Debug|Any CPU.ActiveCfg = Debug|Any CPU
		{160B8857-D62C-4467-9A80-3E5A7C01B1CC}.Debug|Any CPU.Build.0 = Debug|Any CPU
		{160B8857-D62C-4467-9A80-3E5A7C01B1CC}.Release|Any CPU.ActiveCfg = Release|Any CPU
		{160B8857-D62C-4467-9A80-3E5A7C01B1CC}.Release|Any CPU.Build.0 = Release|Any CPU
		{B4DB50C9-D524-464F-949E-8053D807B241}.Debug|Any CPU.ActiveCfg = Debug|Any CPU
		{B4DB50C9-D524-464F-949E-8053D807B241}.Debug|Any CPU.Build.0 = Debug|Any CPU
		{B4DB50C9-D524-464F-949E-8053D807B241}.Release|Any CPU.ActiveCfg = Release|Any CPU
		{B4DB50C9-D524-464F-949E-8053D807B241}.Release|Any CPU.Build.0 = Release|Any CPU
		{4D7237D7-0498-4164-B309-607CACE3E569}.Debug|Any CPU.ActiveCfg = Debug|Any CPU
		{4D7237D7-0498-4164-B309-607CACE3E569}.Debug|Any CPU.Build.0 = Debug|Any CPU
		{4D7237D7-0498-4164-B309-607CACE3E569}.Release|Any CPU.ActiveCfg = Release|Any CPU
		{4D7237D7-0498-4164-B309-607CACE3E569}.Release|Any CPU.Build.0 = Release|Any CPU
		{BEEDDB83-0D31-43BE-B28F-97DC64FB1CE8}.Debug|Any CPU.ActiveCfg = Debug|Any CPU
		{BEEDDB83-0D31-43BE-B28F-97DC64FB1CE8}.Debug|Any CPU.Build.0 = Debug|Any CPU
		{BEEDDB83-0D31-43BE-B28F-97DC64FB1CE8}.Release|Any CPU.ActiveCfg = Release|Any CPU
		{BEEDDB83-0D31-43BE-B28F-97DC64FB1CE8}.Release|Any CPU.Build.0 = Release|Any CPU
		{F504A0DD-9D75-48EB-9EBF-11A6291A85C1}.Debug|Any CPU.ActiveCfg = Debug|Any CPU
		{F504A0DD-9D75-48EB-9EBF-11A6291A85C1}.Debug|Any CPU.Build.0 = Debug|Any CPU
		{F504A0DD-9D75-48EB-9EBF-11A6291A85C1}.Release|Any CPU.ActiveCfg = Release|Any CPU
		{F504A0DD-9D75-48EB-9EBF-11A6291A85C1}.Release|Any CPU.Build.0 = Release|Any CPU
		{0211374D-47AA-4ED0-B421-63A5AF9D5659}.Debug|Any CPU.ActiveCfg = Debug|Any CPU
		{0211374D-47AA-4ED0-B421-63A5AF9D5659}.Debug|Any CPU.Build.0 = Debug|Any CPU
		{0211374D-47AA-4ED0-B421-63A5AF9D5659}.Release|Any CPU.ActiveCfg = Release|Any CPU
		{0211374D-47AA-4ED0-B421-63A5AF9D5659}.Release|Any CPU.Build.0 = Release|Any CPU
		{3826BEF7-357B-47B4-9F47-8189D40700FE}.Debug|Any CPU.ActiveCfg = Debug|Any CPU
		{3826BEF7-357B-47B4-9F47-8189D40700FE}.Debug|Any CPU.Build.0 = Debug|Any CPU
		{3826BEF7-357B-47B4-9F47-8189D40700FE}.Release|Any CPU.ActiveCfg = Release|Any CPU
		{3826BEF7-357B-47B4-9F47-8189D40700FE}.Release|Any CPU.Build.0 = Release|Any CPU
		{F7067522-65F3-4C03-85FD-C78C661902D0}.Debug|Any CPU.ActiveCfg = Debug|Any CPU
		{F7067522-65F3-4C03-85FD-C78C661902D0}.Debug|Any CPU.Build.0 = Debug|Any CPU
		{F7067522-65F3-4C03-85FD-C78C661902D0}.Release|Any CPU.ActiveCfg = Release|Any CPU
		{F7067522-65F3-4C03-85FD-C78C661902D0}.Release|Any CPU.Build.0 = Release|Any CPU
		{886C679F-687A-4616-929F-17DAFB42E826}.Debug|Any CPU.ActiveCfg = Debug|Any CPU
		{886C679F-687A-4616-929F-17DAFB42E826}.Debug|Any CPU.Build.0 = Debug|Any CPU
		{886C679F-687A-4616-929F-17DAFB42E826}.Release|Any CPU.ActiveCfg = Release|Any CPU
		{886C679F-687A-4616-929F-17DAFB42E826}.Release|Any CPU.Build.0 = Release|Any CPU
		{2B6C2323-C495-49E2-B010-35A77FBC5F96}.Debug|Any CPU.ActiveCfg = Debug|Any CPU
		{2B6C2323-C495-49E2-B010-35A77FBC5F96}.Debug|Any CPU.Build.0 = Debug|Any CPU
		{2B6C2323-C495-49E2-B010-35A77FBC5F96}.Release|Any CPU.ActiveCfg = Release|Any CPU
		{2B6C2323-C495-49E2-B010-35A77FBC5F96}.Release|Any CPU.Build.0 = Release|Any CPU
		{04FE36E2-1176-4E1E-BFE4-619C121AF4C0}.Debug|Any CPU.ActiveCfg = Debug|Any CPU
		{04FE36E2-1176-4E1E-BFE4-619C121AF4C0}.Debug|Any CPU.Build.0 = Debug|Any CPU
		{04FE36E2-1176-4E1E-BFE4-619C121AF4C0}.Release|Any CPU.ActiveCfg = Release|Any CPU
		{04FE36E2-1176-4E1E-BFE4-619C121AF4C0}.Release|Any CPU.Build.0 = Release|Any CPU
		{DF354FBB-D86B-48A5-A71B-C0113481225B}.Debug|Any CPU.ActiveCfg = Debug|Any CPU
		{DF354FBB-D86B-48A5-A71B-C0113481225B}.Debug|Any CPU.Build.0 = Debug|Any CPU
		{DF354FBB-D86B-48A5-A71B-C0113481225B}.Release|Any CPU.ActiveCfg = Release|Any CPU
		{DF354FBB-D86B-48A5-A71B-C0113481225B}.Release|Any CPU.Build.0 = Release|Any CPU
		{276EA597-C698-4173-BEDB-139DBCA5E8B9}.Debug|Any CPU.ActiveCfg = Debug|Any CPU
		{276EA597-C698-4173-BEDB-139DBCA5E8B9}.Debug|Any CPU.Build.0 = Debug|Any CPU
		{276EA597-C698-4173-BEDB-139DBCA5E8B9}.Release|Any CPU.ActiveCfg = Release|Any CPU
		{276EA597-C698-4173-BEDB-139DBCA5E8B9}.Release|Any CPU.Build.0 = Release|Any CPU
		{84F77429-F926-4825-9BDD-64B29A93CFF3}.Debug|Any CPU.ActiveCfg = Debug|Any CPU
		{84F77429-F926-4825-9BDD-64B29A93CFF3}.Debug|Any CPU.Build.0 = Debug|Any CPU
		{84F77429-F926-4825-9BDD-64B29A93CFF3}.Release|Any CPU.ActiveCfg = Release|Any CPU
		{84F77429-F926-4825-9BDD-64B29A93CFF3}.Release|Any CPU.Build.0 = Release|Any CPU
		{05383A33-31D3-48C3-9F6A-57DB8BAFEC8D}.Debug|Any CPU.ActiveCfg = Debug|Any CPU
		{05383A33-31D3-48C3-9F6A-57DB8BAFEC8D}.Debug|Any CPU.Build.0 = Debug|Any CPU
		{05383A33-31D3-48C3-9F6A-57DB8BAFEC8D}.Release|Any CPU.ActiveCfg = Release|Any CPU
		{05383A33-31D3-48C3-9F6A-57DB8BAFEC8D}.Release|Any CPU.Build.0 = Release|Any CPU
		{E809E95F-683E-4499-A70D-953182279E42}.Debug|Any CPU.ActiveCfg = Debug|Any CPU
		{E809E95F-683E-4499-A70D-953182279E42}.Debug|Any CPU.Build.0 = Debug|Any CPU
		{E809E95F-683E-4499-A70D-953182279E42}.Release|Any CPU.ActiveCfg = Release|Any CPU
		{E809E95F-683E-4499-A70D-953182279E42}.Release|Any CPU.Build.0 = Release|Any CPU
		{6E62D055-D6CF-4FE2-8993-1479F4326AAF}.Debug|Any CPU.ActiveCfg = Debug|Any CPU
		{6E62D055-D6CF-4FE2-8993-1479F4326AAF}.Debug|Any CPU.Build.0 = Debug|Any CPU
		{6E62D055-D6CF-4FE2-8993-1479F4326AAF}.Release|Any CPU.ActiveCfg = Release|Any CPU
		{6E62D055-D6CF-4FE2-8993-1479F4326AAF}.Release|Any CPU.Build.0 = Release|Any CPU
		{1261589D-EA1F-4923-A678-5C5C83C8601D}.Debug|Any CPU.ActiveCfg = Debug|Any CPU
		{1261589D-EA1F-4923-A678-5C5C83C8601D}.Debug|Any CPU.Build.0 = Debug|Any CPU
		{1261589D-EA1F-4923-A678-5C5C83C8601D}.Release|Any CPU.ActiveCfg = Release|Any CPU
		{1261589D-EA1F-4923-A678-5C5C83C8601D}.Release|Any CPU.Build.0 = Release|Any CPU
		{7F980AD5-27FF-4A86-8FB4-622A64615AD4}.Debug|Any CPU.ActiveCfg = Debug|Any CPU
		{7F980AD5-27FF-4A86-8FB4-622A64615AD4}.Debug|Any CPU.Build.0 = Debug|Any CPU
		{7F980AD5-27FF-4A86-8FB4-622A64615AD4}.Release|Any CPU.ActiveCfg = Release|Any CPU
		{7F980AD5-27FF-4A86-8FB4-622A64615AD4}.Release|Any CPU.Build.0 = Release|Any CPU
		{C9D9946B-946C-4138-86D7-5F9111CEFA6D}.Debug|Any CPU.ActiveCfg = Debug|Any CPU
		{C9D9946B-946C-4138-86D7-5F9111CEFA6D}.Debug|Any CPU.Build.0 = Debug|Any CPU
		{C9D9946B-946C-4138-86D7-5F9111CEFA6D}.Release|Any CPU.ActiveCfg = Release|Any CPU
		{C9D9946B-946C-4138-86D7-5F9111CEFA6D}.Release|Any CPU.Build.0 = Release|Any CPU
		{3B9B3550-0F9C-43D2-9E20-894E8C0D9B05}.Debug|Any CPU.ActiveCfg = Debug|Any CPU
		{3B9B3550-0F9C-43D2-9E20-894E8C0D9B05}.Debug|Any CPU.Build.0 = Debug|Any CPU
		{3B9B3550-0F9C-43D2-9E20-894E8C0D9B05}.Release|Any CPU.ActiveCfg = Release|Any CPU
		{3B9B3550-0F9C-43D2-9E20-894E8C0D9B05}.Release|Any CPU.Build.0 = Release|Any CPU
		{7859CB65-308E-4291-9AF2-07DBBC60EB29}.Debug|Any CPU.ActiveCfg = Debug|Any CPU
		{7859CB65-308E-4291-9AF2-07DBBC60EB29}.Debug|Any CPU.Build.0 = Debug|Any CPU
		{7859CB65-308E-4291-9AF2-07DBBC60EB29}.Release|Any CPU.ActiveCfg = Release|Any CPU
		{7859CB65-308E-4291-9AF2-07DBBC60EB29}.Release|Any CPU.Build.0 = Release|Any CPU
		{7530B37A-EFB3-4EA2-9351-8631A269CCC9}.Debug|Any CPU.ActiveCfg = Debug|Any CPU
		{7530B37A-EFB3-4EA2-9351-8631A269CCC9}.Debug|Any CPU.Build.0 = Debug|Any CPU
		{7530B37A-EFB3-4EA2-9351-8631A269CCC9}.Release|Any CPU.ActiveCfg = Release|Any CPU
		{7530B37A-EFB3-4EA2-9351-8631A269CCC9}.Release|Any CPU.Build.0 = Release|Any CPU
		{03BA6F61-A4AD-42D3-B277-C469C7342EF5}.Debug|Any CPU.ActiveCfg = Debug|Any CPU
		{03BA6F61-A4AD-42D3-B277-C469C7342EF5}.Debug|Any CPU.Build.0 = Debug|Any CPU
		{03BA6F61-A4AD-42D3-B277-C469C7342EF5}.Release|Any CPU.ActiveCfg = Release|Any CPU
		{03BA6F61-A4AD-42D3-B277-C469C7342EF5}.Release|Any CPU.Build.0 = Release|Any CPU
		{2880D21E-B58A-4771-A1A6-9223ECF2785B}.Debug|Any CPU.ActiveCfg = Debug|Any CPU
		{2880D21E-B58A-4771-A1A6-9223ECF2785B}.Debug|Any CPU.Build.0 = Debug|Any CPU
		{2880D21E-B58A-4771-A1A6-9223ECF2785B}.Release|Any CPU.ActiveCfg = Release|Any CPU
		{2880D21E-B58A-4771-A1A6-9223ECF2785B}.Release|Any CPU.Build.0 = Release|Any CPU
		{D4FD7253-54CD-4C8A-BBFE-7464BD1D1720}.Debug|Any CPU.ActiveCfg = Debug|Any CPU
		{D4FD7253-54CD-4C8A-BBFE-7464BD1D1720}.Debug|Any CPU.Build.0 = Debug|Any CPU
		{D4FD7253-54CD-4C8A-BBFE-7464BD1D1720}.Release|Any CPU.ActiveCfg = Release|Any CPU
		{D4FD7253-54CD-4C8A-BBFE-7464BD1D1720}.Release|Any CPU.Build.0 = Release|Any CPU
		{D4CD1C72-C973-4750-AB2A-12C0F2394003}.Debug|Any CPU.ActiveCfg = Debug|Any CPU
		{D4CD1C72-C973-4750-AB2A-12C0F2394003}.Debug|Any CPU.Build.0 = Debug|Any CPU
		{D4CD1C72-C973-4750-AB2A-12C0F2394003}.Release|Any CPU.ActiveCfg = Release|Any CPU
		{D4CD1C72-C973-4750-AB2A-12C0F2394003}.Release|Any CPU.Build.0 = Release|Any CPU
		{4C35BDDA-755D-4C3C-92AB-296DCE9093F3}.Debug|Any CPU.ActiveCfg = Debug|Any CPU
		{4C35BDDA-755D-4C3C-92AB-296DCE9093F3}.Debug|Any CPU.Build.0 = Debug|Any CPU
		{4C35BDDA-755D-4C3C-92AB-296DCE9093F3}.Release|Any CPU.ActiveCfg = Release|Any CPU
		{4C35BDDA-755D-4C3C-92AB-296DCE9093F3}.Release|Any CPU.Build.0 = Release|Any CPU
		{AF8934BD-FEC9-419B-805D-06A1E640432D}.Debug|Any CPU.ActiveCfg = Debug|Any CPU
		{AF8934BD-FEC9-419B-805D-06A1E640432D}.Debug|Any CPU.Build.0 = Debug|Any CPU
		{AF8934BD-FEC9-419B-805D-06A1E640432D}.Release|Any CPU.ActiveCfg = Release|Any CPU
		{AF8934BD-FEC9-419B-805D-06A1E640432D}.Release|Any CPU.Build.0 = Release|Any CPU
		{9402E5BD-A1AC-47A5-9DBA-4FFBC2406E63}.Debug|Any CPU.ActiveCfg = Debug|Any CPU
		{9402E5BD-A1AC-47A5-9DBA-4FFBC2406E63}.Debug|Any CPU.Build.0 = Debug|Any CPU
		{9402E5BD-A1AC-47A5-9DBA-4FFBC2406E63}.Release|Any CPU.ActiveCfg = Release|Any CPU
		{9402E5BD-A1AC-47A5-9DBA-4FFBC2406E63}.Release|Any CPU.Build.0 = Release|Any CPU
		{3E72C8EC-7BBF-4FC1-97F8-4085238CEA6C}.Debug|Any CPU.ActiveCfg = Debug|Any CPU
		{3E72C8EC-7BBF-4FC1-97F8-4085238CEA6C}.Debug|Any CPU.Build.0 = Debug|Any CPU
		{3E72C8EC-7BBF-4FC1-97F8-4085238CEA6C}.Release|Any CPU.ActiveCfg = Release|Any CPU
		{3E72C8EC-7BBF-4FC1-97F8-4085238CEA6C}.Release|Any CPU.Build.0 = Release|Any CPU
		{E94F9452-9B80-4952-B233-574F9B0CD2B7}.Debug|Any CPU.ActiveCfg = Debug|Any CPU
		{E94F9452-9B80-4952-B233-574F9B0CD2B7}.Debug|Any CPU.Build.0 = Debug|Any CPU
		{E94F9452-9B80-4952-B233-574F9B0CD2B7}.Release|Any CPU.ActiveCfg = Release|Any CPU
		{E94F9452-9B80-4952-B233-574F9B0CD2B7}.Release|Any CPU.Build.0 = Release|Any CPU
		{DAB7E049-1BB1-4195-B6B0-3D5FF1C442ED}.Debug|Any CPU.ActiveCfg = Debug|Any CPU
		{DAB7E049-1BB1-4195-B6B0-3D5FF1C442ED}.Debug|Any CPU.Build.0 = Debug|Any CPU
		{DAB7E049-1BB1-4195-B6B0-3D5FF1C442ED}.Release|Any CPU.ActiveCfg = Release|Any CPU
		{DAB7E049-1BB1-4195-B6B0-3D5FF1C442ED}.Release|Any CPU.Build.0 = Release|Any CPU
	EndGlobalSection
	GlobalSection(SolutionProperties) = preSolution
		HideSolutionNode = FALSE
	EndGlobalSection
	GlobalSection(NestedProjects) = preSolution
		{32F1ABF6-AE51-4101-991D-467E284F2DA0} = {A04FB48F-475D-4591-B5C6-DD0BF824E6EE}
		{0E52CD50-B64D-485E-986B-90139026D924} = {A04FB48F-475D-4591-B5C6-DD0BF824E6EE}
		{F70851FF-D687-4BD0-891B-177CE7859997} = {A04FB48F-475D-4591-B5C6-DD0BF824E6EE}
		{E2F154D0-BD0E-47DD-8ABA-56F1F0C04DD8} = {A04FB48F-475D-4591-B5C6-DD0BF824E6EE}
		{2C192611-5E85-4E5E-B2F0-368AAD0A3B79} = {A04FB48F-475D-4591-B5C6-DD0BF824E6EE}
		{84B52A04-668F-4165-B568-283D76F5E9D1} = {A04FB48F-475D-4591-B5C6-DD0BF824E6EE}
		{C0B42C0F-2B3A-437D-B88F-5F4F2DA8D6C7} = {A04FB48F-475D-4591-B5C6-DD0BF824E6EE}
		{F01E3A69-91F0-43A9-8528-0CED90E6BBF5} = {B32C3935-1914-4B26-8BAC-4F75C30A0374}
		{160B8857-D62C-4467-9A80-3E5A7C01B1CC} = {F01E3A69-91F0-43A9-8528-0CED90E6BBF5}
		{B4DB50C9-D524-464F-949E-8053D807B241} = {A04FB48F-475D-4591-B5C6-DD0BF824E6EE}
		{4D7237D7-0498-4164-B309-607CACE3E569} = {A04FB48F-475D-4591-B5C6-DD0BF824E6EE}
		{83A0056A-214B-4A8F-9A34-E93A8C0CA46C} = {B32C3935-1914-4B26-8BAC-4F75C30A0374}
		{BEEDDB83-0D31-43BE-B28F-97DC64FB1CE8} = {83A0056A-214B-4A8F-9A34-E93A8C0CA46C}
		{F504A0DD-9D75-48EB-9EBF-11A6291A85C1} = {83A0056A-214B-4A8F-9A34-E93A8C0CA46C}
		{0211374D-47AA-4ED0-B421-63A5AF9D5659} = {A04FB48F-475D-4591-B5C6-DD0BF824E6EE}
		{3826BEF7-357B-47B4-9F47-8189D40700FE} = {A04FB48F-475D-4591-B5C6-DD0BF824E6EE}
		{F7067522-65F3-4C03-85FD-C78C661902D0} = {A04FB48F-475D-4591-B5C6-DD0BF824E6EE}
		{886C679F-687A-4616-929F-17DAFB42E826} = {A04FB48F-475D-4591-B5C6-DD0BF824E6EE}
		{2B6C2323-C495-49E2-B010-35A77FBC5F96} = {A04FB48F-475D-4591-B5C6-DD0BF824E6EE}
		{04FE36E2-1176-4E1E-BFE4-619C121AF4C0} = {A04FB48F-475D-4591-B5C6-DD0BF824E6EE}
		{DF354FBB-D86B-48A5-A71B-C0113481225B} = {A04FB48F-475D-4591-B5C6-DD0BF824E6EE}
		{276EA597-C698-4173-BEDB-139DBCA5E8B9} = {A04FB48F-475D-4591-B5C6-DD0BF824E6EE}
		{84F77429-F926-4825-9BDD-64B29A93CFF3} = {A04FB48F-475D-4591-B5C6-DD0BF824E6EE}
		{05383A33-31D3-48C3-9F6A-57DB8BAFEC8D} = {A04FB48F-475D-4591-B5C6-DD0BF824E6EE}
		{E809E95F-683E-4499-A70D-953182279E42} = {A04FB48F-475D-4591-B5C6-DD0BF824E6EE}
		{6E62D055-D6CF-4FE2-8993-1479F4326AAF} = {A04FB48F-475D-4591-B5C6-DD0BF824E6EE}
		{1261589D-EA1F-4923-A678-5C5C83C8601D} = {A04FB48F-475D-4591-B5C6-DD0BF824E6EE}
		{6771684C-0A9D-4244-AB5F-E4997DCBD7DB} = {B32C3935-1914-4B26-8BAC-4F75C30A0374}
		{7F980AD5-27FF-4A86-8FB4-622A64615AD4} = {83A0056A-214B-4A8F-9A34-E93A8C0CA46C}
		{C9D9946B-946C-4138-86D7-5F9111CEFA6D} = {83A0056A-214B-4A8F-9A34-E93A8C0CA46C}
		{3B9B3550-0F9C-43D2-9E20-894E8C0D9B05} = {6771684C-0A9D-4244-AB5F-E4997DCBD7DB}
		{7859CB65-308E-4291-9AF2-07DBBC60EB29} = {6771684C-0A9D-4244-AB5F-E4997DCBD7DB}
		{7530B37A-EFB3-4EA2-9351-8631A269CCC9} = {6771684C-0A9D-4244-AB5F-E4997DCBD7DB}
		{03BA6F61-A4AD-42D3-B277-C469C7342EF5} = {6771684C-0A9D-4244-AB5F-E4997DCBD7DB}
		{2880D21E-B58A-4771-A1A6-9223ECF2785B} = {6771684C-0A9D-4244-AB5F-E4997DCBD7DB}
		{D4FD7253-54CD-4C8A-BBFE-7464BD1D1720} = {A04FB48F-475D-4591-B5C6-DD0BF824E6EE}
		{D4CD1C72-C973-4750-AB2A-12C0F2394003} = {A04FB48F-475D-4591-B5C6-DD0BF824E6EE}
		{4C35BDDA-755D-4C3C-92AB-296DCE9093F3} = {A04FB48F-475D-4591-B5C6-DD0BF824E6EE}
		{AF8934BD-FEC9-419B-805D-06A1E640432D} = {A04FB48F-475D-4591-B5C6-DD0BF824E6EE}
		{9402E5BD-A1AC-47A5-9DBA-4FFBC2406E63} = {83A0056A-214B-4A8F-9A34-E93A8C0CA46C}
		{3E72C8EC-7BBF-4FC1-97F8-4085238CEA6C} = {A04FB48F-475D-4591-B5C6-DD0BF824E6EE}
		{E94F9452-9B80-4952-B233-574F9B0CD2B7} = {A04FB48F-475D-4591-B5C6-DD0BF824E6EE}
		{DAB7E049-1BB1-4195-B6B0-3D5FF1C442ED} = {A04FB48F-475D-4591-B5C6-DD0BF824E6EE}
	EndGlobalSection
EndGlobal
